// !$*UTF8*$!
{
	archiveVersion = 1;
	classes = {
	};
	objectVersion = 46;
	objects = {

/* Begin PBXBuildFile section */
		090FA9161D65F7E1002C8EF5 /* SwiftHTTP.framework in Frameworks */ = {isa = PBXBuildFile; fileRef = 090FA9091D65F7B8002C8EF5 /* SwiftHTTP.framework */; };
		090FA9171D65F7E1002C8EF5 /* SwiftHTTP.framework in Copy Frameworks */ = {isa = PBXBuildFile; fileRef = 090FA9091D65F7B8002C8EF5 /* SwiftHTTP.framework */; settings = {ATTRIBUTES = (CodeSignOnCopy, RemoveHeadersOnCopy, ); }; };
		0930D2631D3C68FF002AF3C5 /* MyViewController.swift in Sources */ = {isa = PBXBuildFile; fileRef = 0930D2621D3C68FF002AF3C5 /* MyViewController.swift */; };
		093310EC1D6003F5007E1C96 /* TogetherTravelViewController.swift in Sources */ = {isa = PBXBuildFile; fileRef = 093310EB1D6003F5007E1C96 /* TogetherTravelViewController.swift */; };
		093310F01D6062AD007E1C96 /* SwiftNotice.swift in Sources */ = {isa = PBXBuildFile; fileRef = 093310EF1D6062AD007E1C96 /* SwiftNotice.swift */; };
		093310F51D60991A007E1C96 /* libsqlite3.tbd in Frameworks */ = {isa = PBXBuildFile; fileRef = 093310F41D60991A007E1C96 /* libsqlite3.tbd */; };
		093310F71D609939007E1C96 /* ImageIO.framework in Frameworks */ = {isa = PBXBuildFile; fileRef = 093310F61D609939007E1C96 /* ImageIO.framework */; };
		093398E01D3CBA6C0065BEE5 /* MessageTableViewController.swift in Sources */ = {isa = PBXBuildFile; fileRef = 093398DF1D3CBA6C0065BEE5 /* MessageTableViewController.swift */; };
		093C0F691D33775F007C62BC /* RecentOrderViewController.swift in Sources */ = {isa = PBXBuildFile; fileRef = 093C0F681D33775F007C62BC /* RecentOrderViewController.swift */; };
		09558A521D3D10EA008A0A15 /* CustomCell.swift in Sources */ = {isa = PBXBuildFile; fileRef = 09558A511D3D10EA008A0A15 /* CustomCell.swift */; };
		095A696B1D3F6204009265ED /* MOBFoundation.framework in Frameworks */ = {isa = PBXBuildFile; fileRef = 095A696A1D3F6204009265ED /* MOBFoundation.framework */; };
		096004611D2F974200507D25 /* IndexViewController.swift in Sources */ = {isa = PBXBuildFile; fileRef = 096004601D2F974200507D25 /* IndexViewController.swift */; };
		096A03601D42583C0086C906 /* GuideViewController.swift in Sources */ = {isa = PBXBuildFile; fileRef = 096A035F1D42583C0086C906 /* GuideViewController.swift */; };
		096C23A21D57480A00256487 /* TogetherTravelCell.swift in Sources */ = {isa = PBXBuildFile; fileRef = 096C23A11D57480A00256487 /* TogetherTravelCell.swift */; };
		096C23A41D5757F100256487 /* TravelDetailViewController.swift in Sources */ = {isa = PBXBuildFile; fileRef = 096C23A31D5757F100256487 /* TravelDetailViewController.swift */; };
		096C23A61D575F8D00256487 /* IndexTravelDetailViewController.swift in Sources */ = {isa = PBXBuildFile; fileRef = 096C23A51D575F8D00256487 /* IndexTravelDetailViewController.swift */; };
		096D25C01D4A501900831EE7 /* PublishViewController.swift in Sources */ = {isa = PBXBuildFile; fileRef = 096D25BF1D4A501900831EE7 /* PublishViewController.swift */; };
		096E68D01D21168000501D5B /* RegistViewController.swift in Sources */ = {isa = PBXBuildFile; fileRef = 096E68CF1D21168000501D5B /* RegistViewController.swift */; };
		0975E68C1D6549F6004C5963 /* Alamofire.framework in Frameworks */ = {isa = PBXBuildFile; fileRef = 0975E67F1D654950004C5963 /* Alamofire.framework */; };
		0975E68D1D6549F6004C5963 /* Alamofire.framework in Copy Frameworks */ = {isa = PBXBuildFile; fileRef = 0975E67F1D654950004C5963 /* Alamofire.framework */; settings = {ATTRIBUTES = (CodeSignOnCopy, RemoveHeadersOnCopy, ); }; };
		097A4ED61D40BD6200ADA706 /* Constant.swift in Sources */ = {isa = PBXBuildFile; fileRef = 097A4ED51D40BD6200ADA706 /* Constant.swift */; };
		097A4ED91D40C0E200ADA706 /* CommonUtil.swift in Sources */ = {isa = PBXBuildFile; fileRef = 097A4ED81D40C0E200ADA706 /* CommonUtil.swift */; };
		098890FB1D1ED5A7008D1257 /* AppDelegate.swift in Sources */ = {isa = PBXBuildFile; fileRef = 098890FA1D1ED5A7008D1257 /* AppDelegate.swift */; };
		098890FD1D1ED5A7008D1257 /* LoginViewController.swift in Sources */ = {isa = PBXBuildFile; fileRef = 098890FC1D1ED5A7008D1257 /* LoginViewController.swift */; };
		098891001D1ED5A7008D1257 /* Main.storyboard in Resources */ = {isa = PBXBuildFile; fileRef = 098890FE1D1ED5A7008D1257 /* Main.storyboard */; };
		098891021D1ED5A7008D1257 /* Assets.xcassets in Resources */ = {isa = PBXBuildFile; fileRef = 098891011D1ED5A7008D1257 /* Assets.xcassets */; };
		098891051D1ED5A7008D1257 /* LaunchScreen.storyboard in Resources */ = {isa = PBXBuildFile; fileRef = 098891031D1ED5A7008D1257 /* LaunchScreen.storyboard */; };
		098891101D1ED5A7008D1257 /* funmakerTests.swift in Sources */ = {isa = PBXBuildFile; fileRef = 0988910F1D1ED5A7008D1257 /* funmakerTests.swift */; };
		0988911B1D1ED5A7008D1257 /* funmakerUITests.swift in Sources */ = {isa = PBXBuildFile; fileRef = 0988911A1D1ED5A7008D1257 /* funmakerUITests.swift */; };
		098B88241D61EB87006B7DDA /* ShareSDK.framework in Frameworks */ = {isa = PBXBuildFile; fileRef = 098B87F11D61EB87006B7DDA /* ShareSDK.framework */; };
		098B88251D61EB87006B7DDA /* ShareSDKExtension.framework in Frameworks */ = {isa = PBXBuildFile; fileRef = 098B87F41D61EB87006B7DDA /* ShareSDKExtension.framework */; };
		098B88261D61EB87006B7DDA /* ShareSDKInterfaceAdapter.framework in Frameworks */ = {isa = PBXBuildFile; fileRef = 098B87F51D61EB87006B7DDA /* ShareSDKInterfaceAdapter.framework */; };
		098B88271D61EB87006B7DDA /* ShareSDKUI.bundle in Resources */ = {isa = PBXBuildFile; fileRef = 098B87F61D61EB87006B7DDA /* ShareSDKUI.bundle */; };
		098B88281D61EB87006B7DDA /* ShareSDKUI.framework in Frameworks */ = {isa = PBXBuildFile; fileRef = 098B87F71D61EB87006B7DDA /* ShareSDKUI.framework */; };
		098B88291D61EB87006B7DDA /* libAPOpenSdk.a in Frameworks */ = {isa = PBXBuildFile; fileRef = 098B87FC1D61EB87006B7DDA /* libAPOpenSdk.a */; };
		098B882A1D61EB87006B7DDA /* README.md in Sources */ = {isa = PBXBuildFile; fileRef = 098B87FD1D61EB87006B7DDA /* README.md */; };
		098B882B1D61EB87006B7DDA /* FBSDKMessengerShareKit.framework in Frameworks */ = {isa = PBXBuildFile; fileRef = 098B87FF1D61EB87006B7DDA /* FBSDKMessengerShareKit.framework */; };
		098B882C1D61EB87006B7DDA /* KakaoOpenSDK.framework in Frameworks */ = {isa = PBXBuildFile; fileRef = 098B88011D61EB87006B7DDA /* KakaoOpenSDK.framework */; };
		098B882D1D61EB87006B7DDA /* TencentOpenAPI.framework in Frameworks */ = {isa = PBXBuildFile; fileRef = 098B88031D61EB87006B7DDA /* TencentOpenAPI.framework */; };
		098B882E1D61EB87006B7DDA /* TencentOpenApi_IOS_Bundle.bundle in Resources */ = {isa = PBXBuildFile; fileRef = 098B88041D61EB87006B7DDA /* TencentOpenApi_IOS_Bundle.bundle */; };
		098B88311D61EB87006B7DDA /* libWeiboSDK.a in Frameworks */ = {isa = PBXBuildFile; fileRef = 098B88091D61EB87006B7DDA /* libWeiboSDK.a */; };
		098B88321D61EB87006B7DDA /* WeiboSDK.bundle in Resources */ = {isa = PBXBuildFile; fileRef = 098B88131D61EB87006B7DDA /* WeiboSDK.bundle */; };
		098B88331D61EB87006B7DDA /* libWeChatSDK.a in Frameworks */ = {isa = PBXBuildFile; fileRef = 098B88171D61EB87006B7DDA /* libWeChatSDK.a */; };
		098B88341D61EB87006B7DDA /* README.txt in Resources */ = {isa = PBXBuildFile; fileRef = 098B88181D61EB87006B7DDA /* README.txt */; };
		098B88351D61EB87006B7DDA /* libYixinSDK.a in Frameworks */ = {isa = PBXBuildFile; fileRef = 098B881D1D61EB87006B7DDA /* libYixinSDK.a */; };
		098B88361D61EB87006B7DDA /* MOBFoundation.framework in Frameworks */ = {isa = PBXBuildFile; fileRef = 098B88211D61EB87006B7DDA /* MOBFoundation.framework */; };
		098B88371D61EB87006B7DDA /* ShareSDK.bundle in Resources */ = {isa = PBXBuildFile; fileRef = 098B88221D61EB87006B7DDA /* ShareSDK.bundle */; };
		098B88381D61EB87006B7DDA /* ShareSDKConnector.framework in Frameworks */ = {isa = PBXBuildFile; fileRef = 098B88231D61EB87006B7DDA /* ShareSDKConnector.framework */; };
		09988B501D24C3280069A65C /* LoginedViewController.swift in Sources */ = {isa = PBXBuildFile; fileRef = 09988B4F1D24C3280069A65C /* LoginedViewController.swift */; };
		09BFAEDE1D5DFCE8008EF761 /* TabBarViewController.swift in Sources */ = {isa = PBXBuildFile; fileRef = 09BFAEDD1D5DFCE8008EF761 /* TabBarViewController.swift */; };
		09CABA9D1D559E2500776C85 /* TravelListViewController.swift in Sources */ = {isa = PBXBuildFile; fileRef = 09CABA9C1D559E2500776C85 /* TravelListViewController.swift */; };
		09CABA9F1D55A8BB00776C85 /* HomeHotelViewController.swift in Sources */ = {isa = PBXBuildFile; fileRef = 09CABA9E1D55A8BB00776C85 /* HomeHotelViewController.swift */; };
		09CABAA11D55B6A900776C85 /* MyProfileViewController.swift in Sources */ = {isa = PBXBuildFile; fileRef = 09CABAA01D55B6A900776C85 /* MyProfileViewController.swift */; };
		09EC2B331D48AD9D009EFD76 /* MyCustomCell.swift in Sources */ = {isa = PBXBuildFile; fileRef = 09EC2B321D48AD9D009EFD76 /* MyCustomCell.swift */; };
		09F0D5EC1D4A07ED00DA6234 /* ConfigViewController.swift in Sources */ = {isa = PBXBuildFile; fileRef = 09F0D5EB1D4A07ED00DA6234 /* ConfigViewController.swift */; };
		09F29FB11D3F20AD00211E2F /* SMS_SDK.framework in Frameworks */ = {isa = PBXBuildFile; fileRef = 09F29FB01D3F20AD00211E2F /* SMS_SDK.framework */; };
		09F29FB31D3F22CC00211E2F /* libz.1.2.5.tbd in Frameworks */ = {isa = PBXBuildFile; fileRef = 09F29FB21D3F22CC00211E2F /* libz.1.2.5.tbd */; };
		09F29FB71D3F22FE00211E2F /* MessageUI.framework in Frameworks */ = {isa = PBXBuildFile; fileRef = 09F29FB61D3F22FE00211E2F /* MessageUI.framework */; };
		09F29FB91D3F230900211E2F /* JavaScriptCore.framework in Frameworks */ = {isa = PBXBuildFile; fileRef = 09F29FB81D3F230900211E2F /* JavaScriptCore.framework */; };
		09F29FBB1D3F231D00211E2F /* libstdc++.6.0.9.tbd in Frameworks */ = {isa = PBXBuildFile; fileRef = 09F29FBA1D3F231D00211E2F /* libstdc++.6.0.9.tbd */; };
		09F29FBF1D3F240700211E2F /* SMS_SDK in Resources */ = {isa = PBXBuildFile; fileRef = 09F29FBE1D3F240700211E2F /* SMS_SDK */; };
		09F29FC11D3F244500211E2F /* libicucore.tbd in Frameworks */ = {isa = PBXBuildFile; fileRef = 09F29FC01D3F244500211E2F /* libicucore.tbd */; };
		09F2BA731D39380C00672B3A /* BaseViewController.swift in Sources */ = {isa = PBXBuildFile; fileRef = 09F2BA721D39380C00672B3A /* BaseViewController.swift */; };
/* End PBXBuildFile section */

/* Begin PBXContainerItemProxy section */
		090FA9081D65F7B8002C8EF5 /* PBXContainerItemProxy */ = {
			isa = PBXContainerItemProxy;
			containerPortal = 090FA8F71D65F7B8002C8EF5 /* SwiftHTTP.xcodeproj */;
			proxyType = 2;
			remoteGlobalIDString = 6BFD901619C8D8B500DD99B6;
			remoteInfo = SwiftHTTP;
		};
		090FA90A1D65F7B8002C8EF5 /* PBXContainerItemProxy */ = {
			isa = PBXContainerItemProxy;
			containerPortal = 090FA8F71D65F7B8002C8EF5 /* SwiftHTTP.xcodeproj */;
			proxyType = 2;
			remoteGlobalIDString = 6BFD902119C8D8B500DD99B6;
			remoteInfo = SwiftHTTPTests;
		};
		090FA90C1D65F7B8002C8EF5 /* PBXContainerItemProxy */ = {
			isa = PBXContainerItemProxy;
			containerPortal = 090FA8F71D65F7B8002C8EF5 /* SwiftHTTP.xcodeproj */;
			proxyType = 2;
			remoteGlobalIDString = D958025919E6EEEB003C8218;
			remoteInfo = SwiftHTTPOSX;
		};
		090FA90E1D65F7B8002C8EF5 /* PBXContainerItemProxy */ = {
			isa = PBXContainerItemProxy;
			containerPortal = 090FA8F71D65F7B8002C8EF5 /* SwiftHTTP.xcodeproj */;
			proxyType = 2;
			remoteGlobalIDString = D958026319E6EEEB003C8218;
			remoteInfo = SwiftHTTPOSXTests;
		};
		090FA9101D65F7B8002C8EF5 /* PBXContainerItemProxy */ = {
			isa = PBXContainerItemProxy;
			containerPortal = 090FA8F71D65F7B8002C8EF5 /* SwiftHTTP.xcodeproj */;
			proxyType = 2;
			remoteGlobalIDString = 5C135EC11C4733CD00AA3A01;
			remoteInfo = SwiftHTTPtvOS;
		};
		090FA9121D65F7B8002C8EF5 /* PBXContainerItemProxy */ = {
			isa = PBXContainerItemProxy;
			containerPortal = 090FA8F71D65F7B8002C8EF5 /* SwiftHTTP.xcodeproj */;
			proxyType = 2;
			remoteGlobalIDString = 5C135ECA1C4733CE00AA3A01;
			remoteInfo = SwiftHTTPtvOSTests;
		};
		090FA9141D65F7B8002C8EF5 /* PBXContainerItemProxy */ = {
			isa = PBXContainerItemProxy;
			containerPortal = 090FA8F71D65F7B8002C8EF5 /* SwiftHTTP.xcodeproj */;
			proxyType = 2;
			remoteGlobalIDString = 5C135FA91C4737E200AA3A01;
			remoteInfo = SwiftHTTPWatchOS;
		};
		090FA9181D65F7E1002C8EF5 /* PBXContainerItemProxy */ = {
			isa = PBXContainerItemProxy;
			containerPortal = 090FA8F71D65F7B8002C8EF5 /* SwiftHTTP.xcodeproj */;
			proxyType = 1;
			remoteGlobalIDString = 6BFD901519C8D8B500DD99B6;
			remoteInfo = SwiftHTTP;
		};
		0975E67E1D654950004C5963 /* PBXContainerItemProxy */ = {
			isa = PBXContainerItemProxy;
			containerPortal = 0975E6731D654950004C5963 /* Alamofire.xcodeproj */;
			proxyType = 2;
			remoteGlobalIDString = F8111E3319A95C8B0040E7D1;
			remoteInfo = "Alamofire iOS";
		};
		0975E6801D654950004C5963 /* PBXContainerItemProxy */ = {
			isa = PBXContainerItemProxy;
			containerPortal = 0975E6731D654950004C5963 /* Alamofire.xcodeproj */;
			proxyType = 2;
			remoteGlobalIDString = F8111E3E19A95C8B0040E7D1;
			remoteInfo = "Alamofire iOS Tests";
		};
		0975E6821D654950004C5963 /* PBXContainerItemProxy */ = {
			isa = PBXContainerItemProxy;
			containerPortal = 0975E6731D654950004C5963 /* Alamofire.xcodeproj */;
			proxyType = 2;
			remoteGlobalIDString = 4DD67C0B1A5C55C900ED2280;
			remoteInfo = "Alamofire OSX";
		};
		0975E6841D654950004C5963 /* PBXContainerItemProxy */ = {
			isa = PBXContainerItemProxy;
			containerPortal = 0975E6731D654950004C5963 /* Alamofire.xcodeproj */;
			proxyType = 2;
			remoteGlobalIDString = F829C6B21A7A94F100A2CD59;
			remoteInfo = "Alamofire OSX Tests";
		};
		0975E6861D654950004C5963 /* PBXContainerItemProxy */ = {
			isa = PBXContainerItemProxy;
			containerPortal = 0975E6731D654950004C5963 /* Alamofire.xcodeproj */;
			proxyType = 2;
			remoteGlobalIDString = 4CF626EF1BA7CB3E0011A099;
			remoteInfo = "Alamofire tvOS";
		};
		0975E6881D654950004C5963 /* PBXContainerItemProxy */ = {
			isa = PBXContainerItemProxy;
			containerPortal = 0975E6731D654950004C5963 /* Alamofire.xcodeproj */;
			proxyType = 2;
			remoteGlobalIDString = 4CF626F81BA7CB3E0011A099;
			remoteInfo = "Alamofire tvOS Tests";
		};
		0975E68A1D654950004C5963 /* PBXContainerItemProxy */ = {
			isa = PBXContainerItemProxy;
			containerPortal = 0975E6731D654950004C5963 /* Alamofire.xcodeproj */;
			proxyType = 2;
			remoteGlobalIDString = E4202FE01B667AA100C997FB;
			remoteInfo = "Alamofire watchOS";
		};
		0975E68E1D6549F6004C5963 /* PBXContainerItemProxy */ = {
			isa = PBXContainerItemProxy;
			containerPortal = 0975E6731D654950004C5963 /* Alamofire.xcodeproj */;
			proxyType = 1;
			remoteGlobalIDString = F8111E3219A95C8B0040E7D1;
			remoteInfo = "Alamofire iOS";
		};
		0988910C1D1ED5A7008D1257 /* PBXContainerItemProxy */ = {
			isa = PBXContainerItemProxy;
			containerPortal = 098890EF1D1ED5A7008D1257 /* Project object */;
			proxyType = 1;
			remoteGlobalIDString = 098890F61D1ED5A7008D1257;
			remoteInfo = funmaker;
		};
		098891171D1ED5A7008D1257 /* PBXContainerItemProxy */ = {
			isa = PBXContainerItemProxy;
			containerPortal = 098890EF1D1ED5A7008D1257 /* Project object */;
			proxyType = 1;
			remoteGlobalIDString = 098890F61D1ED5A7008D1257;
			remoteInfo = funmaker;
		};
/* End PBXContainerItemProxy section */

/* Begin PBXCopyFilesBuildPhase section */
		090ACEB61D40896400C33E51 /* Copy Frameworks */ = {
			isa = PBXCopyFilesBuildPhase;
			buildActionMask = 12;
			dstPath = "";
			dstSubfolderSpec = 10;
			files = (
				090FA9171D65F7E1002C8EF5 /* SwiftHTTP.framework in Copy Frameworks */,
				0975E68D1D6549F6004C5963 /* Alamofire.framework in Copy Frameworks */,
			);
			name = "Copy Frameworks";
			runOnlyForDeploymentPostprocessing = 0;
		};
/* End PBXCopyFilesBuildPhase section */

/* Begin PBXFileReference section */
		090FA8F71D65F7B8002C8EF5 /* SwiftHTTP.xcodeproj */ = {isa = PBXFileReference; lastKnownFileType = "wrapper.pb-project"; name = SwiftHTTP.xcodeproj; path = "../../../Downloads/SwiftHTTP-master-4/SwiftHTTP.xcodeproj"; sourceTree = "<group>"; };
		0930D2621D3C68FF002AF3C5 /* MyViewController.swift */ = {isa = PBXFileReference; fileEncoding = 4; lastKnownFileType = sourcecode.swift; path = MyViewController.swift; sourceTree = "<group>"; };
		093310EB1D6003F5007E1C96 /* TogetherTravelViewController.swift */ = {isa = PBXFileReference; fileEncoding = 4; lastKnownFileType = sourcecode.swift; path = TogetherTravelViewController.swift; sourceTree = "<group>"; };
		093310EF1D6062AD007E1C96 /* SwiftNotice.swift */ = {isa = PBXFileReference; fileEncoding = 4; lastKnownFileType = sourcecode.swift; path = SwiftNotice.swift; sourceTree = "<group>"; };
		093310F41D60991A007E1C96 /* libsqlite3.tbd */ = {isa = PBXFileReference; lastKnownFileType = "sourcecode.text-based-dylib-definition"; name = libsqlite3.tbd; path = usr/lib/libsqlite3.tbd; sourceTree = SDKROOT; };
		093310F61D609939007E1C96 /* ImageIO.framework */ = {isa = PBXFileReference; lastKnownFileType = wrapper.framework; name = ImageIO.framework; path = System/Library/Frameworks/ImageIO.framework; sourceTree = SDKROOT; };
		093398DF1D3CBA6C0065BEE5 /* MessageTableViewController.swift */ = {isa = PBXFileReference; fileEncoding = 4; lastKnownFileType = sourcecode.swift; path = MessageTableViewController.swift; sourceTree = "<group>"; };
		093C0F681D33775F007C62BC /* RecentOrderViewController.swift */ = {isa = PBXFileReference; fileEncoding = 4; lastKnownFileType = sourcecode.swift; path = RecentOrderViewController.swift; sourceTree = "<group>"; };
		09558A511D3D10EA008A0A15 /* CustomCell.swift */ = {isa = PBXFileReference; fileEncoding = 4; lastKnownFileType = sourcecode.swift; path = CustomCell.swift; sourceTree = "<group>"; };
		095A696A1D3F6204009265ED /* MOBFoundation.framework */ = {isa = PBXFileReference; lastKnownFileType = wrapper.framework; name = MOBFoundation.framework; path = SMS_SDK/MOBFoundation.framework; sourceTree = "<group>"; };
		096004601D2F974200507D25 /* IndexViewController.swift */ = {isa = PBXFileReference; fileEncoding = 4; lastKnownFileType = sourcecode.swift; path = IndexViewController.swift; sourceTree = "<group>"; };
		096A035F1D42583C0086C906 /* GuideViewController.swift */ = {isa = PBXFileReference; fileEncoding = 4; lastKnownFileType = sourcecode.swift; path = GuideViewController.swift; sourceTree = "<group>"; };
		096C23A11D57480A00256487 /* TogetherTravelCell.swift */ = {isa = PBXFileReference; fileEncoding = 4; lastKnownFileType = sourcecode.swift; path = TogetherTravelCell.swift; sourceTree = "<group>"; };
		096C23A31D5757F100256487 /* TravelDetailViewController.swift */ = {isa = PBXFileReference; fileEncoding = 4; lastKnownFileType = sourcecode.swift; path = TravelDetailViewController.swift; sourceTree = "<group>"; };
		096C23A51D575F8D00256487 /* IndexTravelDetailViewController.swift */ = {isa = PBXFileReference; fileEncoding = 4; lastKnownFileType = sourcecode.swift; path = IndexTravelDetailViewController.swift; sourceTree = "<group>"; };
		096D25BF1D4A501900831EE7 /* PublishViewController.swift */ = {isa = PBXFileReference; fileEncoding = 4; lastKnownFileType = sourcecode.swift; path = PublishViewController.swift; sourceTree = "<group>"; };
		096E68CF1D21168000501D5B /* RegistViewController.swift */ = {isa = PBXFileReference; fileEncoding = 4; lastKnownFileType = sourcecode.swift; path = RegistViewController.swift; sourceTree = "<group>"; };
		0975E6731D654950004C5963 /* Alamofire.xcodeproj */ = {isa = PBXFileReference; lastKnownFileType = "wrapper.pb-project"; name = Alamofire.xcodeproj; path = "../../../Downloads/Alamofire-master/Alamofire.xcodeproj"; sourceTree = "<group>"; };
		097A4ED51D40BD6200ADA706 /* Constant.swift */ = {isa = PBXFileReference; fileEncoding = 4; lastKnownFileType = sourcecode.swift; path = Constant.swift; sourceTree = "<group>"; };
		097A4ED81D40C0E200ADA706 /* CommonUtil.swift */ = {isa = PBXFileReference; fileEncoding = 4; lastKnownFileType = sourcecode.swift; path = CommonUtil.swift; sourceTree = "<group>"; };
		098890F71D1ED5A7008D1257 /* funmaker.app */ = {isa = PBXFileReference; explicitFileType = wrapper.application; includeInIndex = 0; path = funmaker.app; sourceTree = BUILT_PRODUCTS_DIR; };
		098890FA1D1ED5A7008D1257 /* AppDelegate.swift */ = {isa = PBXFileReference; lastKnownFileType = sourcecode.swift; path = AppDelegate.swift; sourceTree = "<group>"; };
		098890FC1D1ED5A7008D1257 /* LoginViewController.swift */ = {isa = PBXFileReference; lastKnownFileType = sourcecode.swift; path = LoginViewController.swift; sourceTree = "<group>"; };
		098890FF1D1ED5A7008D1257 /* Base */ = {isa = PBXFileReference; lastKnownFileType = file.storyboard; name = Base; path = Base.lproj/Main.storyboard; sourceTree = "<group>"; };
		098891011D1ED5A7008D1257 /* Assets.xcassets */ = {isa = PBXFileReference; lastKnownFileType = folder.assetcatalog; path = Assets.xcassets; sourceTree = "<group>"; };
		098891041D1ED5A7008D1257 /* Base */ = {isa = PBXFileReference; lastKnownFileType = file.storyboard; name = Base; path = Base.lproj/LaunchScreen.storyboard; sourceTree = "<group>"; };
		098891061D1ED5A7008D1257 /* Info.plist */ = {isa = PBXFileReference; lastKnownFileType = text.plist.xml; path = Info.plist; sourceTree = "<group>"; };
		0988910B1D1ED5A7008D1257 /* funmakerTests.xctest */ = {isa = PBXFileReference; explicitFileType = wrapper.cfbundle; includeInIndex = 0; path = funmakerTests.xctest; sourceTree = BUILT_PRODUCTS_DIR; };
		0988910F1D1ED5A7008D1257 /* funmakerTests.swift */ = {isa = PBXFileReference; lastKnownFileType = sourcecode.swift; path = funmakerTests.swift; sourceTree = "<group>"; };
		098891111D1ED5A7008D1257 /* Info.plist */ = {isa = PBXFileReference; lastKnownFileType = text.plist.xml; path = Info.plist; sourceTree = "<group>"; };
		098891161D1ED5A7008D1257 /* funmakerUITests.xctest */ = {isa = PBXFileReference; explicitFileType = wrapper.cfbundle; includeInIndex = 0; path = funmakerUITests.xctest; sourceTree = BUILT_PRODUCTS_DIR; };
		0988911A1D1ED5A7008D1257 /* funmakerUITests.swift */ = {isa = PBXFileReference; lastKnownFileType = sourcecode.swift; path = funmakerUITests.swift; sourceTree = "<group>"; };
		0988911C1D1ED5A7008D1257 /* Info.plist */ = {isa = PBXFileReference; lastKnownFileType = text.plist.xml; path = Info.plist; sourceTree = "<group>"; };
		098B87F11D61EB87006B7DDA /* ShareSDK.framework */ = {isa = PBXFileReference; lastKnownFileType = wrapper.framework; path = ShareSDK.framework; sourceTree = "<group>"; };
		098B87F41D61EB87006B7DDA /* ShareSDKExtension.framework */ = {isa = PBXFileReference; lastKnownFileType = wrapper.framework; path = ShareSDKExtension.framework; sourceTree = "<group>"; };
		098B87F51D61EB87006B7DDA /* ShareSDKInterfaceAdapter.framework */ = {isa = PBXFileReference; lastKnownFileType = wrapper.framework; path = ShareSDKInterfaceAdapter.framework; sourceTree = "<group>"; };
		098B87F61D61EB87006B7DDA /* ShareSDKUI.bundle */ = {isa = PBXFileReference; lastKnownFileType = "wrapper.plug-in"; path = ShareSDKUI.bundle; sourceTree = "<group>"; };
		098B87F71D61EB87006B7DDA /* ShareSDKUI.framework */ = {isa = PBXFileReference; lastKnownFileType = wrapper.framework; path = ShareSDKUI.framework; sourceTree = "<group>"; };
		098B87FA1D61EB87006B7DDA /* APOpenAPI.h */ = {isa = PBXFileReference; fileEncoding = 4; lastKnownFileType = sourcecode.c.h; path = APOpenAPI.h; sourceTree = "<group>"; };
		098B87FB1D61EB87006B7DDA /* APOpenAPIObject.h */ = {isa = PBXFileReference; fileEncoding = 4; lastKnownFileType = sourcecode.c.h; path = APOpenAPIObject.h; sourceTree = "<group>"; };
		098B87FC1D61EB87006B7DDA /* libAPOpenSdk.a */ = {isa = PBXFileReference; lastKnownFileType = archive.ar; path = libAPOpenSdk.a; sourceTree = "<group>"; };
		098B87FD1D61EB87006B7DDA /* README.md */ = {isa = PBXFileReference; fileEncoding = 4; lastKnownFileType = net.daringfireball.markdown; path = README.md; sourceTree = "<group>"; };
		098B87FF1D61EB87006B7DDA /* FBSDKMessengerShareKit.framework */ = {isa = PBXFileReference; lastKnownFileType = wrapper.framework; path = FBSDKMessengerShareKit.framework; sourceTree = "<group>"; };
		098B88011D61EB87006B7DDA /* KakaoOpenSDK.framework */ = {isa = PBXFileReference; lastKnownFileType = wrapper.framework; path = KakaoOpenSDK.framework; sourceTree = "<group>"; };
		098B88031D61EB87006B7DDA /* TencentOpenAPI.framework */ = {isa = PBXFileReference; lastKnownFileType = wrapper.framework; path = TencentOpenAPI.framework; sourceTree = "<group>"; };
		098B88041D61EB87006B7DDA /* TencentOpenApi_IOS_Bundle.bundle */ = {isa = PBXFileReference; lastKnownFileType = "wrapper.plug-in"; path = TencentOpenApi_IOS_Bundle.bundle; sourceTree = "<group>"; };
		098B88091D61EB87006B7DDA /* libWeiboSDK.a */ = {isa = PBXFileReference; lastKnownFileType = archive.ar; path = libWeiboSDK.a; sourceTree = "<group>"; };
		098B880A1D61EB87006B7DDA /* WBHttpRequest+WeiboGame.h */ = {isa = PBXFileReference; fileEncoding = 4; lastKnownFileType = sourcecode.c.h; path = "WBHttpRequest+WeiboGame.h"; sourceTree = "<group>"; };
		098B880B1D61EB87006B7DDA /* WBHttpRequest+WeiboShare.h */ = {isa = PBXFileReference; fileEncoding = 4; lastKnownFileType = sourcecode.c.h; path = "WBHttpRequest+WeiboShare.h"; sourceTree = "<group>"; };
		098B880C1D61EB87006B7DDA /* WBHttpRequest+WeiboToken.h */ = {isa = PBXFileReference; fileEncoding = 4; lastKnownFileType = sourcecode.c.h; path = "WBHttpRequest+WeiboToken.h"; sourceTree = "<group>"; };
		098B880D1D61EB87006B7DDA /* WBHttpRequest+WeiboUser.h */ = {isa = PBXFileReference; fileEncoding = 4; lastKnownFileType = sourcecode.c.h; path = "WBHttpRequest+WeiboUser.h"; sourceTree = "<group>"; };
		098B880E1D61EB87006B7DDA /* WBHttpRequest.h */ = {isa = PBXFileReference; fileEncoding = 4; lastKnownFileType = sourcecode.c.h; path = WBHttpRequest.h; sourceTree = "<group>"; };
		098B880F1D61EB87006B7DDA /* WBSDKBasicButton.h */ = {isa = PBXFileReference; fileEncoding = 4; lastKnownFileType = sourcecode.c.h; path = WBSDKBasicButton.h; sourceTree = "<group>"; };
		098B88101D61EB87006B7DDA /* WBSDKCommentButton.h */ = {isa = PBXFileReference; fileEncoding = 4; lastKnownFileType = sourcecode.c.h; path = WBSDKCommentButton.h; sourceTree = "<group>"; };
		098B88111D61EB87006B7DDA /* WBSDKRelationshipButton.h */ = {isa = PBXFileReference; fileEncoding = 4; lastKnownFileType = sourcecode.c.h; path = WBSDKRelationshipButton.h; sourceTree = "<group>"; };
		098B88121D61EB87006B7DDA /* WeiboSDK+Statistics.h */ = {isa = PBXFileReference; fileEncoding = 4; lastKnownFileType = sourcecode.c.h; path = "WeiboSDK+Statistics.h"; sourceTree = "<group>"; };
		098B88131D61EB87006B7DDA /* WeiboSDK.bundle */ = {isa = PBXFileReference; lastKnownFileType = "wrapper.plug-in"; path = WeiboSDK.bundle; sourceTree = "<group>"; };
		098B88141D61EB87006B7DDA /* WeiboSDK.h */ = {isa = PBXFileReference; fileEncoding = 4; lastKnownFileType = sourcecode.c.h; path = WeiboSDK.h; sourceTree = "<group>"; };
		098B88151D61EB87006B7DDA /* WeiboUser.h */ = {isa = PBXFileReference; fileEncoding = 4; lastKnownFileType = sourcecode.c.h; path = WeiboUser.h; sourceTree = "<group>"; };
		098B88171D61EB87006B7DDA /* libWeChatSDK.a */ = {isa = PBXFileReference; lastKnownFileType = archive.ar; path = libWeChatSDK.a; sourceTree = "<group>"; };
		098B88181D61EB87006B7DDA /* README.txt */ = {isa = PBXFileReference; fileEncoding = 4; lastKnownFileType = text; path = README.txt; sourceTree = "<group>"; };
		098B88191D61EB87006B7DDA /* WechatAuthSDK.h */ = {isa = PBXFileReference; fileEncoding = 4; lastKnownFileType = sourcecode.c.h; path = WechatAuthSDK.h; sourceTree = "<group>"; };
		098B881A1D61EB87006B7DDA /* WXApi.h */ = {isa = PBXFileReference; fileEncoding = 4; lastKnownFileType = sourcecode.c.h; path = WXApi.h; sourceTree = "<group>"; };
		098B881B1D61EB87006B7DDA /* WXApiObject.h */ = {isa = PBXFileReference; fileEncoding = 4; lastKnownFileType = sourcecode.c.h; path = WXApiObject.h; sourceTree = "<group>"; };
		098B881D1D61EB87006B7DDA /* libYixinSDK.a */ = {isa = PBXFileReference; lastKnownFileType = archive.ar; path = libYixinSDK.a; sourceTree = "<group>"; };
		098B881E1D61EB87006B7DDA /* YXApi.h */ = {isa = PBXFileReference; fileEncoding = 4; lastKnownFileType = sourcecode.c.h; path = YXApi.h; sourceTree = "<group>"; };
		098B881F1D61EB87006B7DDA /* YXApiObject.h */ = {isa = PBXFileReference; fileEncoding = 4; lastKnownFileType = sourcecode.c.h; path = YXApiObject.h; sourceTree = "<group>"; };
		098B88211D61EB87006B7DDA /* MOBFoundation.framework */ = {isa = PBXFileReference; lastKnownFileType = wrapper.framework; path = MOBFoundation.framework; sourceTree = "<group>"; };
		098B88221D61EB87006B7DDA /* ShareSDK.bundle */ = {isa = PBXFileReference; lastKnownFileType = "wrapper.plug-in"; path = ShareSDK.bundle; sourceTree = "<group>"; };
		098B88231D61EB87006B7DDA /* ShareSDKConnector.framework */ = {isa = PBXFileReference; lastKnownFileType = wrapper.framework; path = ShareSDKConnector.framework; sourceTree = "<group>"; };
		09988B4F1D24C3280069A65C /* LoginedViewController.swift */ = {isa = PBXFileReference; fileEncoding = 4; lastKnownFileType = sourcecode.swift; path = LoginedViewController.swift; sourceTree = "<group>"; };
		09BFAEDD1D5DFCE8008EF761 /* TabBarViewController.swift */ = {isa = PBXFileReference; fileEncoding = 4; lastKnownFileType = sourcecode.swift; path = TabBarViewController.swift; sourceTree = "<group>"; };
		09CABA9C1D559E2500776C85 /* TravelListViewController.swift */ = {isa = PBXFileReference; fileEncoding = 4; lastKnownFileType = sourcecode.swift; path = TravelListViewController.swift; sourceTree = "<group>"; };
		09CABA9E1D55A8BB00776C85 /* HomeHotelViewController.swift */ = {isa = PBXFileReference; fileEncoding = 4; lastKnownFileType = sourcecode.swift; path = HomeHotelViewController.swift; sourceTree = "<group>"; };
		09CABAA01D55B6A900776C85 /* MyProfileViewController.swift */ = {isa = PBXFileReference; fileEncoding = 4; lastKnownFileType = sourcecode.swift; path = MyProfileViewController.swift; sourceTree = "<group>"; };
		09EC2B321D48AD9D009EFD76 /* MyCustomCell.swift */ = {isa = PBXFileReference; fileEncoding = 4; lastKnownFileType = sourcecode.swift; path = MyCustomCell.swift; sourceTree = "<group>"; };
		09F0D5EB1D4A07ED00DA6234 /* ConfigViewController.swift */ = {isa = PBXFileReference; fileEncoding = 4; lastKnownFileType = sourcecode.swift; path = ConfigViewController.swift; sourceTree = "<group>"; };
		09F29FB01D3F20AD00211E2F /* SMS_SDK.framework */ = {isa = PBXFileReference; lastKnownFileType = wrapper.framework; name = SMS_SDK.framework; path = SMS_SDK/SMS_SDK.framework; sourceTree = "<group>"; };
		09F29FB21D3F22CC00211E2F /* libz.1.2.5.tbd */ = {isa = PBXFileReference; lastKnownFileType = "sourcecode.text-based-dylib-definition"; name = libz.1.2.5.tbd; path = usr/lib/libz.1.2.5.tbd; sourceTree = SDKROOT; };
		09F29FB61D3F22FE00211E2F /* MessageUI.framework */ = {isa = PBXFileReference; lastKnownFileType = wrapper.framework; name = MessageUI.framework; path = System/Library/Frameworks/MessageUI.framework; sourceTree = SDKROOT; };
		09F29FB81D3F230900211E2F /* JavaScriptCore.framework */ = {isa = PBXFileReference; lastKnownFileType = wrapper.framework; name = JavaScriptCore.framework; path = System/Library/Frameworks/JavaScriptCore.framework; sourceTree = SDKROOT; };
		09F29FBA1D3F231D00211E2F /* libstdc++.6.0.9.tbd */ = {isa = PBXFileReference; lastKnownFileType = "sourcecode.text-based-dylib-definition"; name = "libstdc++.6.0.9.tbd"; path = "usr/lib/libstdc++.6.0.9.tbd"; sourceTree = SDKROOT; };
		09F29FBE1D3F240700211E2F /* SMS_SDK */ = {isa = PBXFileReference; lastKnownFileType = folder; path = SMS_SDK; sourceTree = "<group>"; };
		09F29FC01D3F244500211E2F /* libicucore.tbd */ = {isa = PBXFileReference; lastKnownFileType = "sourcecode.text-based-dylib-definition"; name = libicucore.tbd; path = usr/lib/libicucore.tbd; sourceTree = SDKROOT; };
		09F29FC21D3F248600211E2F /* funmaker-Bridging-Header.h */ = {isa = PBXFileReference; lastKnownFileType = sourcecode.c.h; path = "funmaker-Bridging-Header.h"; sourceTree = "<group>"; };
		09F2BA721D39380C00672B3A /* BaseViewController.swift */ = {isa = PBXFileReference; fileEncoding = 4; lastKnownFileType = sourcecode.swift; path = BaseViewController.swift; sourceTree = "<group>"; };
/* End PBXFileReference section */

/* Begin PBXFrameworksBuildPhase section */
		098890F41D1ED5A7008D1257 /* Frameworks */ = {
			isa = PBXFrameworksBuildPhase;
			buildActionMask = 2147483647;
			files = (
				098B882C1D61EB87006B7DDA /* KakaoOpenSDK.framework in Frameworks */,
				098B882D1D61EB87006B7DDA /* TencentOpenAPI.framework in Frameworks */,
				098B88261D61EB87006B7DDA /* ShareSDKInterfaceAdapter.framework in Frameworks */,
				093310F71D609939007E1C96 /* ImageIO.framework in Frameworks */,
				093310F51D60991A007E1C96 /* libsqlite3.tbd in Frameworks */,
				098B882B1D61EB87006B7DDA /* FBSDKMessengerShareKit.framework in Frameworks */,
				0975E68C1D6549F6004C5963 /* Alamofire.framework in Frameworks */,
				098B88381D61EB87006B7DDA /* ShareSDKConnector.framework in Frameworks */,
				09F29FC11D3F244500211E2F /* libicucore.tbd in Frameworks */,
				09F29FB31D3F22CC00211E2F /* libz.1.2.5.tbd in Frameworks */,
				098B88291D61EB87006B7DDA /* libAPOpenSdk.a in Frameworks */,
				098B88351D61EB87006B7DDA /* libYixinSDK.a in Frameworks */,
				090FA9161D65F7E1002C8EF5 /* SwiftHTTP.framework in Frameworks */,
				098B88251D61EB87006B7DDA /* ShareSDKExtension.framework in Frameworks */,
				098B88361D61EB87006B7DDA /* MOBFoundation.framework in Frameworks */,
				098B88241D61EB87006B7DDA /* ShareSDK.framework in Frameworks */,
				09F29FBB1D3F231D00211E2F /* libstdc++.6.0.9.tbd in Frameworks */,
				09F29FB91D3F230900211E2F /* JavaScriptCore.framework in Frameworks */,
				098B88331D61EB87006B7DDA /* libWeChatSDK.a in Frameworks */,
				098B88311D61EB87006B7DDA /* libWeiboSDK.a in Frameworks */,
				095A696B1D3F6204009265ED /* MOBFoundation.framework in Frameworks */,
				098B88281D61EB87006B7DDA /* ShareSDKUI.framework in Frameworks */,
				09F29FB71D3F22FE00211E2F /* MessageUI.framework in Frameworks */,
				09F29FB11D3F20AD00211E2F /* SMS_SDK.framework in Frameworks */,
			);
			runOnlyForDeploymentPostprocessing = 0;
		};
		098891081D1ED5A7008D1257 /* Frameworks */ = {
			isa = PBXFrameworksBuildPhase;
			buildActionMask = 2147483647;
			files = (
			);
			runOnlyForDeploymentPostprocessing = 0;
		};
		098891131D1ED5A7008D1257 /* Frameworks */ = {
			isa = PBXFrameworksBuildPhase;
			buildActionMask = 2147483647;
			files = (
			);
			runOnlyForDeploymentPostprocessing = 0;
		};
/* End PBXFrameworksBuildPhase section */

/* Begin PBXGroup section */
		090FA8F81D65F7B8002C8EF5 /* Products */ = {
			isa = PBXGroup;
			children = (
				090FA9091D65F7B8002C8EF5 /* SwiftHTTP.framework */,
				090FA90B1D65F7B8002C8EF5 /* SwiftHTTPTests.xctest */,
				090FA90D1D65F7B8002C8EF5 /* SwiftHTTP.framework */,
				090FA90F1D65F7B8002C8EF5 /* SwiftHTTPOSXTests.xctest */,
				090FA9111D65F7B8002C8EF5 /* SwiftHTTP.framework */,
				090FA9131D65F7B8002C8EF5 /* SwiftHTTPtvOSTests.xctest */,
				090FA9151D65F7B8002C8EF5 /* SwiftHTTP.framework */,
			);
			name = Products;
			sourceTree = "<group>";
		};
		096004621D2F977F00507D25 /* controller */ = {
			isa = PBXGroup;
			children = (
				096A035F1D42583C0086C906 /* GuideViewController.swift */,
				0930D2621D3C68FF002AF3C5 /* MyViewController.swift */,
				096004601D2F974200507D25 /* IndexViewController.swift */,
				096E68CF1D21168000501D5B /* RegistViewController.swift */,
				098890FC1D1ED5A7008D1257 /* LoginViewController.swift */,
				09988B4F1D24C3280069A65C /* LoginedViewController.swift */,
				093C0F681D33775F007C62BC /* RecentOrderViewController.swift */,
				093398DF1D3CBA6C0065BEE5 /* MessageTableViewController.swift */,
				09F2BA721D39380C00672B3A /* BaseViewController.swift */,
				09558A511D3D10EA008A0A15 /* CustomCell.swift */,
				09EC2B321D48AD9D009EFD76 /* MyCustomCell.swift */,
				09F0D5EB1D4A07ED00DA6234 /* ConfigViewController.swift */,
				096D25BF1D4A501900831EE7 /* PublishViewController.swift */,
				09CABA9C1D559E2500776C85 /* TravelListViewController.swift */,
				09CABA9E1D55A8BB00776C85 /* HomeHotelViewController.swift */,
				09CABAA01D55B6A900776C85 /* MyProfileViewController.swift */,
				096C23A11D57480A00256487 /* TogetherTravelCell.swift */,
				096C23A31D5757F100256487 /* TravelDetailViewController.swift */,
				096C23A51D575F8D00256487 /* IndexTravelDetailViewController.swift */,
				09BFAEDD1D5DFCE8008EF761 /* TabBarViewController.swift */,
				093310EB1D6003F5007E1C96 /* TogetherTravelViewController.swift */,
			);
			name = controller;
			sourceTree = "<group>";
		};
		096004631D2F979200507D25 /* delegate */ = {
			isa = PBXGroup;
			children = (
				098890FA1D1ED5A7008D1257 /* AppDelegate.swift */,
			);
			name = delegate;
			sourceTree = "<group>";
		};
		096004641D2F979C00507D25 /* util */ = {
			isa = PBXGroup;
			children = (
				097A4ED81D40C0E200ADA706 /* CommonUtil.swift */,
			);
			name = util;
			sourceTree = "<group>";
		};
		0974B80D1D411435002F978C /* swift-oc */ = {
			isa = PBXGroup;
			children = (
				09F29FC21D3F248600211E2F /* funmaker-Bridging-Header.h */,
			);
			name = "swift-oc";
			sourceTree = "<group>";
		};
		0974B80E1D41225F002F978C /* extension */ = {
			isa = PBXGroup;
			children = (
				093310EF1D6062AD007E1C96 /* SwiftNotice.swift */,
			);
			name = extension;
			sourceTree = "<group>";
		};
		0975E6741D654950004C5963 /* Products */ = {
			isa = PBXGroup;
			children = (
				0975E67F1D654950004C5963 /* Alamofire.framework */,
				0975E6811D654950004C5963 /* Alamofire iOS Tests.xctest */,
				0975E6831D654950004C5963 /* Alamofire.framework */,
				0975E6851D654950004C5963 /* Alamofire OSX Tests.xctest */,
				0975E6871D654950004C5963 /* Alamofire.framework */,
				0975E6891D654950004C5963 /* Alamofire tvOS Tests.xctest */,
				0975E68B1D654950004C5963 /* Alamofire.framework */,
			);
			name = Products;
			sourceTree = "<group>";
		};
		097A4EC91D40BCBD00ADA706 /* common */ = {
			isa = PBXGroup;
			children = (
				097A4ED51D40BD6200ADA706 /* Constant.swift */,
			);
			name = common;
			sourceTree = "<group>";
		};
		098890EE1D1ED5A7008D1257 = {
			isa = PBXGroup;
			children = (
				090FA8F71D65F7B8002C8EF5 /* SwiftHTTP.xcodeproj */,
				0975E6731D654950004C5963 /* Alamofire.xcodeproj */,
				098890F91D1ED5A7008D1257 /* funmaker */,
				0988910E1D1ED5A7008D1257 /* funmakerTests */,
				098891191D1ED5A7008D1257 /* funmakerUITests */,
				098890F81D1ED5A7008D1257 /* Products */,
				09F29FBE1D3F240700211E2F /* SMS_SDK */,
				098B87F01D61EB87006B7DDA /* ShareSDK */,
				09F29FB01D3F20AD00211E2F /* SMS_SDK.framework */,
				09F29FB61D3F22FE00211E2F /* MessageUI.framework */,
				09F29FB81D3F230900211E2F /* JavaScriptCore.framework */,
				095A696A1D3F6204009265ED /* MOBFoundation.framework */,
				093310F61D609939007E1C96 /* ImageIO.framework */,
				093310F41D60991A007E1C96 /* libsqlite3.tbd */,
				09F29FB21D3F22CC00211E2F /* libz.1.2.5.tbd */,
				09F29FBA1D3F231D00211E2F /* libstdc++.6.0.9.tbd */,
				09F29FC01D3F244500211E2F /* libicucore.tbd */,
			);
			sourceTree = "<group>";
		};
		098890F81D1ED5A7008D1257 /* Products */ = {
			isa = PBXGroup;
			children = (
				098890F71D1ED5A7008D1257 /* funmaker.app */,
				0988910B1D1ED5A7008D1257 /* funmakerTests.xctest */,
				098891161D1ED5A7008D1257 /* funmakerUITests.xctest */,
			);
			name = Products;
			sourceTree = "<group>";
		};
		098890F91D1ED5A7008D1257 /* funmaker */ = {
			isa = PBXGroup;
			children = (
				096004631D2F979200507D25 /* delegate */,
				096004621D2F977F00507D25 /* controller */,
				0974B80E1D41225F002F978C /* extension */,
				097A4EC91D40BCBD00ADA706 /* common */,
				0974B80D1D411435002F978C /* swift-oc */,
				096004641D2F979C00507D25 /* util */,
				098890FE1D1ED5A7008D1257 /* Main.storyboard */,
				098891031D1ED5A7008D1257 /* LaunchScreen.storyboard */,
				098891011D1ED5A7008D1257 /* Assets.xcassets */,
				098891061D1ED5A7008D1257 /* Info.plist */,
			);
			path = funmaker;
			sourceTree = "<group>";
		};
		0988910E1D1ED5A7008D1257 /* funmakerTests */ = {
			isa = PBXGroup;
			children = (
				0988910F1D1ED5A7008D1257 /* funmakerTests.swift */,
				098891111D1ED5A7008D1257 /* Info.plist */,
			);
			path = funmakerTests;
			sourceTree = "<group>";
		};
		098891191D1ED5A7008D1257 /* funmakerUITests */ = {
			isa = PBXGroup;
			children = (
				0988911A1D1ED5A7008D1257 /* funmakerUITests.swift */,
				0988911C1D1ED5A7008D1257 /* Info.plist */,
			);
			path = funmakerUITests;
			sourceTree = "<group>";
		};
		098B87F01D61EB87006B7DDA /* ShareSDK */ = {
			isa = PBXGroup;
			children = (
				098B87F11D61EB87006B7DDA /* ShareSDK.framework */,
				098B87F21D61EB87006B7DDA /* Support */,
			);
			path = ShareSDK;
			sourceTree = "<group>";
		};
		098B87F21D61EB87006B7DDA /* Support */ = {
			isa = PBXGroup;
			children = (
				098B87F31D61EB87006B7DDA /* Optional */,
				098B87F81D61EB87006B7DDA /* PlatformSDK */,
				098B88201D61EB87006B7DDA /* Required */,
			);
			path = Support;
			sourceTree = "<group>";
		};
		098B87F31D61EB87006B7DDA /* Optional */ = {
			isa = PBXGroup;
			children = (
				098B87F41D61EB87006B7DDA /* ShareSDKExtension.framework */,
				098B87F51D61EB87006B7DDA /* ShareSDKInterfaceAdapter.framework */,
				098B87F61D61EB87006B7DDA /* ShareSDKUI.bundle */,
				098B87F71D61EB87006B7DDA /* ShareSDKUI.framework */,
			);
			path = Optional;
			sourceTree = "<group>";
		};
		098B87F81D61EB87006B7DDA /* PlatformSDK */ = {
			isa = PBXGroup;
			children = (
				098B87F91D61EB87006B7DDA /* APSocialSDK */,
				098B87FE1D61EB87006B7DDA /* FacebookMessengerSDK */,
				098B88001D61EB87006B7DDA /* KaKaoSDK */,
				098B88021D61EB87006B7DDA /* QQSDK */,
				098B88081D61EB87006B7DDA /* SinaWeiboSDK */,
				098B88161D61EB87006B7DDA /* WeChatSDK */,
				098B881C1D61EB87006B7DDA /* YiXinSDK */,
			);
			path = PlatformSDK;
			sourceTree = "<group>";
		};
		098B87F91D61EB87006B7DDA /* APSocialSDK */ = {
			isa = PBXGroup;
			children = (
				098B87FA1D61EB87006B7DDA /* APOpenAPI.h */,
				098B87FB1D61EB87006B7DDA /* APOpenAPIObject.h */,
				098B87FC1D61EB87006B7DDA /* libAPOpenSdk.a */,
				098B87FD1D61EB87006B7DDA /* README.md */,
			);
			path = APSocialSDK;
			sourceTree = "<group>";
		};
		098B87FE1D61EB87006B7DDA /* FacebookMessengerSDK */ = {
			isa = PBXGroup;
			children = (
				098B87FF1D61EB87006B7DDA /* FBSDKMessengerShareKit.framework */,
			);
			path = FacebookMessengerSDK;
			sourceTree = "<group>";
		};
		098B88001D61EB87006B7DDA /* KaKaoSDK */ = {
			isa = PBXGroup;
			children = (
				098B88011D61EB87006B7DDA /* KakaoOpenSDK.framework */,
			);
			path = KaKaoSDK;
			sourceTree = "<group>";
		};
		098B88021D61EB87006B7DDA /* QQSDK */ = {
			isa = PBXGroup;
			children = (
				098B88031D61EB87006B7DDA /* TencentOpenAPI.framework */,
				098B88041D61EB87006B7DDA /* TencentOpenApi_IOS_Bundle.bundle */,
			);
			path = QQSDK;
			sourceTree = "<group>";
		};
		098B88081D61EB87006B7DDA /* SinaWeiboSDK */ = {
			isa = PBXGroup;
			children = (
				098B88091D61EB87006B7DDA /* libWeiboSDK.a */,
				098B880A1D61EB87006B7DDA /* WBHttpRequest+WeiboGame.h */,
				098B880B1D61EB87006B7DDA /* WBHttpRequest+WeiboShare.h */,
				098B880C1D61EB87006B7DDA /* WBHttpRequest+WeiboToken.h */,
				098B880D1D61EB87006B7DDA /* WBHttpRequest+WeiboUser.h */,
				098B880E1D61EB87006B7DDA /* WBHttpRequest.h */,
				098B880F1D61EB87006B7DDA /* WBSDKBasicButton.h */,
				098B88101D61EB87006B7DDA /* WBSDKCommentButton.h */,
				098B88111D61EB87006B7DDA /* WBSDKRelationshipButton.h */,
				098B88121D61EB87006B7DDA /* WeiboSDK+Statistics.h */,
				098B88131D61EB87006B7DDA /* WeiboSDK.bundle */,
				098B88141D61EB87006B7DDA /* WeiboSDK.h */,
				098B88151D61EB87006B7DDA /* WeiboUser.h */,
			);
			path = SinaWeiboSDK;
			sourceTree = "<group>";
		};
		098B88161D61EB87006B7DDA /* WeChatSDK */ = {
			isa = PBXGroup;
			children = (
				098B88171D61EB87006B7DDA /* libWeChatSDK.a */,
				098B88181D61EB87006B7DDA /* README.txt */,
				098B88191D61EB87006B7DDA /* WechatAuthSDK.h */,
				098B881A1D61EB87006B7DDA /* WXApi.h */,
				098B881B1D61EB87006B7DDA /* WXApiObject.h */,
			);
			path = WeChatSDK;
			sourceTree = "<group>";
		};
		098B881C1D61EB87006B7DDA /* YiXinSDK */ = {
			isa = PBXGroup;
			children = (
				098B881D1D61EB87006B7DDA /* libYixinSDK.a */,
				098B881E1D61EB87006B7DDA /* YXApi.h */,
				098B881F1D61EB87006B7DDA /* YXApiObject.h */,
			);
			path = YiXinSDK;
			sourceTree = "<group>";
		};
		098B88201D61EB87006B7DDA /* Required */ = {
			isa = PBXGroup;
			children = (
				098B88211D61EB87006B7DDA /* MOBFoundation.framework */,
				098B88221D61EB87006B7DDA /* ShareSDK.bundle */,
				098B88231D61EB87006B7DDA /* ShareSDKConnector.framework */,
			);
			path = Required;
			sourceTree = "<group>";
		};
/* End PBXGroup section */

/* Begin PBXNativeTarget section */
		098890F61D1ED5A7008D1257 /* funmaker */ = {
			isa = PBXNativeTarget;
			buildConfigurationList = 0988911F1D1ED5A7008D1257 /* Build configuration list for PBXNativeTarget "funmaker" */;
			buildPhases = (
				098890F31D1ED5A7008D1257 /* Sources */,
				098890F41D1ED5A7008D1257 /* Frameworks */,
				098890F51D1ED5A7008D1257 /* Resources */,
				090ACEB61D40896400C33E51 /* Copy Frameworks */,
			);
			buildRules = (
			);
			dependencies = (
				0975E68F1D6549F6004C5963 /* PBXTargetDependency */,
				090FA9191D65F7E1002C8EF5 /* PBXTargetDependency */,
			);
			name = funmaker;
			productName = funmaker;
			productReference = 098890F71D1ED5A7008D1257 /* funmaker.app */;
			productType = "com.apple.product-type.application";
		};
		0988910A1D1ED5A7008D1257 /* funmakerTests */ = {
			isa = PBXNativeTarget;
			buildConfigurationList = 098891221D1ED5A7008D1257 /* Build configuration list for PBXNativeTarget "funmakerTests" */;
			buildPhases = (
				098891071D1ED5A7008D1257 /* Sources */,
				098891081D1ED5A7008D1257 /* Frameworks */,
				098891091D1ED5A7008D1257 /* Resources */,
			);
			buildRules = (
			);
			dependencies = (
				0988910D1D1ED5A7008D1257 /* PBXTargetDependency */,
			);
			name = funmakerTests;
			productName = funmakerTests;
			productReference = 0988910B1D1ED5A7008D1257 /* funmakerTests.xctest */;
			productType = "com.apple.product-type.bundle.unit-test";
		};
		098891151D1ED5A7008D1257 /* funmakerUITests */ = {
			isa = PBXNativeTarget;
			buildConfigurationList = 098891251D1ED5A7008D1257 /* Build configuration list for PBXNativeTarget "funmakerUITests" */;
			buildPhases = (
				098891121D1ED5A7008D1257 /* Sources */,
				098891131D1ED5A7008D1257 /* Frameworks */,
				098891141D1ED5A7008D1257 /* Resources */,
			);
			buildRules = (
			);
			dependencies = (
				098891181D1ED5A7008D1257 /* PBXTargetDependency */,
			);
			name = funmakerUITests;
			productName = funmakerUITests;
			productReference = 098891161D1ED5A7008D1257 /* funmakerUITests.xctest */;
			productType = "com.apple.product-type.bundle.ui-testing";
		};
/* End PBXNativeTarget section */

/* Begin PBXProject section */
		098890EF1D1ED5A7008D1257 /* Project object */ = {
			isa = PBXProject;
			attributes = {
				LastSwiftUpdateCheck = 0730;
				LastUpgradeCheck = 0730;
				ORGANIZATIONNAME = Waylon;
				TargetAttributes = {
					098890F61D1ED5A7008D1257 = {
						CreatedOnToolsVersion = 7.3.1;
						DevelopmentTeam = 8K9U2T8H8D;
					};
					0988910A1D1ED5A7008D1257 = {
						CreatedOnToolsVersion = 7.3.1;
						TestTargetID = 098890F61D1ED5A7008D1257;
					};
					098891151D1ED5A7008D1257 = {
						CreatedOnToolsVersion = 7.3.1;
						TestTargetID = 098890F61D1ED5A7008D1257;
					};
				};
			};
			buildConfigurationList = 098890F21D1ED5A7008D1257 /* Build configuration list for PBXProject "funmaker" */;
			compatibilityVersion = "Xcode 3.2";
			developmentRegion = English;
			hasScannedForEncodings = 0;
			knownRegions = (
				en,
				Base,
			);
			mainGroup = 098890EE1D1ED5A7008D1257;
			productRefGroup = 098890F81D1ED5A7008D1257 /* Products */;
			projectDirPath = "";
			projectReferences = (
				{
					ProductGroup = 0975E6741D654950004C5963 /* Products */;
					ProjectRef = 0975E6731D654950004C5963 /* Alamofire.xcodeproj */;
				},
				{
					ProductGroup = 090FA8F81D65F7B8002C8EF5 /* Products */;
					ProjectRef = 090FA8F71D65F7B8002C8EF5 /* SwiftHTTP.xcodeproj */;
				},
			);
			projectRoot = "";
			targets = (
				098890F61D1ED5A7008D1257 /* funmaker */,
				0988910A1D1ED5A7008D1257 /* funmakerTests */,
				098891151D1ED5A7008D1257 /* funmakerUITests */,
			);
		};
/* End PBXProject section */

/* Begin PBXReferenceProxy section */
		090FA9091D65F7B8002C8EF5 /* SwiftHTTP.framework */ = {
			isa = PBXReferenceProxy;
			fileType = wrapper.framework;
			path = SwiftHTTP.framework;
			remoteRef = 090FA9081D65F7B8002C8EF5 /* PBXContainerItemProxy */;
			sourceTree = BUILT_PRODUCTS_DIR;
		};
		090FA90B1D65F7B8002C8EF5 /* SwiftHTTPTests.xctest */ = {
			isa = PBXReferenceProxy;
			fileType = wrapper.cfbundle;
			path = SwiftHTTPTests.xctest;
			remoteRef = 090FA90A1D65F7B8002C8EF5 /* PBXContainerItemProxy */;
			sourceTree = BUILT_PRODUCTS_DIR;
		};
		090FA90D1D65F7B8002C8EF5 /* SwiftHTTP.framework */ = {
			isa = PBXReferenceProxy;
			fileType = wrapper.framework;
			path = SwiftHTTP.framework;
			remoteRef = 090FA90C1D65F7B8002C8EF5 /* PBXContainerItemProxy */;
			sourceTree = BUILT_PRODUCTS_DIR;
		};
		090FA90F1D65F7B8002C8EF5 /* SwiftHTTPOSXTests.xctest */ = {
			isa = PBXReferenceProxy;
			fileType = wrapper.cfbundle;
			path = SwiftHTTPOSXTests.xctest;
			remoteRef = 090FA90E1D65F7B8002C8EF5 /* PBXContainerItemProxy */;
			sourceTree = BUILT_PRODUCTS_DIR;
		};
		090FA9111D65F7B8002C8EF5 /* SwiftHTTP.framework */ = {
			isa = PBXReferenceProxy;
			fileType = wrapper.framework;
			path = SwiftHTTP.framework;
			remoteRef = 090FA9101D65F7B8002C8EF5 /* PBXContainerItemProxy */;
			sourceTree = BUILT_PRODUCTS_DIR;
		};
		090FA9131D65F7B8002C8EF5 /* SwiftHTTPtvOSTests.xctest */ = {
			isa = PBXReferenceProxy;
			fileType = wrapper.cfbundle;
			path = SwiftHTTPtvOSTests.xctest;
			remoteRef = 090FA9121D65F7B8002C8EF5 /* PBXContainerItemProxy */;
			sourceTree = BUILT_PRODUCTS_DIR;
		};
		090FA9151D65F7B8002C8EF5 /* SwiftHTTP.framework */ = {
			isa = PBXReferenceProxy;
			fileType = wrapper.framework;
			path = SwiftHTTP.framework;
			remoteRef = 090FA9141D65F7B8002C8EF5 /* PBXContainerItemProxy */;
			sourceTree = BUILT_PRODUCTS_DIR;
		};
		0975E67F1D654950004C5963 /* Alamofire.framework */ = {
			isa = PBXReferenceProxy;
			fileType = wrapper.framework;
			path = Alamofire.framework;
			remoteRef = 0975E67E1D654950004C5963 /* PBXContainerItemProxy */;
			sourceTree = BUILT_PRODUCTS_DIR;
		};
		0975E6811D654950004C5963 /* Alamofire iOS Tests.xctest */ = {
			isa = PBXReferenceProxy;
			fileType = wrapper.cfbundle;
			path = "Alamofire iOS Tests.xctest";
			remoteRef = 0975E6801D654950004C5963 /* PBXContainerItemProxy */;
			sourceTree = BUILT_PRODUCTS_DIR;
		};
		0975E6831D654950004C5963 /* Alamofire.framework */ = {
			isa = PBXReferenceProxy;
			fileType = wrapper.framework;
			path = Alamofire.framework;
			remoteRef = 0975E6821D654950004C5963 /* PBXContainerItemProxy */;
			sourceTree = BUILT_PRODUCTS_DIR;
		};
		0975E6851D654950004C5963 /* Alamofire OSX Tests.xctest */ = {
			isa = PBXReferenceProxy;
			fileType = wrapper.cfbundle;
			path = "Alamofire OSX Tests.xctest";
			remoteRef = 0975E6841D654950004C5963 /* PBXContainerItemProxy */;
			sourceTree = BUILT_PRODUCTS_DIR;
		};
		0975E6871D654950004C5963 /* Alamofire.framework */ = {
			isa = PBXReferenceProxy;
			fileType = wrapper.framework;
			path = Alamofire.framework;
			remoteRef = 0975E6861D654950004C5963 /* PBXContainerItemProxy */;
			sourceTree = BUILT_PRODUCTS_DIR;
		};
		0975E6891D654950004C5963 /* Alamofire tvOS Tests.xctest */ = {
			isa = PBXReferenceProxy;
			fileType = wrapper.cfbundle;
			path = "Alamofire tvOS Tests.xctest";
			remoteRef = 0975E6881D654950004C5963 /* PBXContainerItemProxy */;
			sourceTree = BUILT_PRODUCTS_DIR;
		};
		0975E68B1D654950004C5963 /* Alamofire.framework */ = {
			isa = PBXReferenceProxy;
			fileType = wrapper.framework;
			path = Alamofire.framework;
			remoteRef = 0975E68A1D654950004C5963 /* PBXContainerItemProxy */;
			sourceTree = BUILT_PRODUCTS_DIR;
		};
/* End PBXReferenceProxy section */

/* Begin PBXResourcesBuildPhase section */
		098890F51D1ED5A7008D1257 /* Resources */ = {
			isa = PBXResourcesBuildPhase;
			buildActionMask = 2147483647;
			files = (
				098B882E1D61EB87006B7DDA /* TencentOpenApi_IOS_Bundle.bundle in Resources */,
				098B88341D61EB87006B7DDA /* README.txt in Resources */,
				098891051D1ED5A7008D1257 /* LaunchScreen.storyboard in Resources */,
				098891021D1ED5A7008D1257 /* Assets.xcassets in Resources */,
				098B88271D61EB87006B7DDA /* ShareSDKUI.bundle in Resources */,
				098B88371D61EB87006B7DDA /* ShareSDK.bundle in Resources */,
				098891001D1ED5A7008D1257 /* Main.storyboard in Resources */,
				09F29FBF1D3F240700211E2F /* SMS_SDK in Resources */,
				098B88321D61EB87006B7DDA /* WeiboSDK.bundle in Resources */,
			);
			runOnlyForDeploymentPostprocessing = 0;
		};
		098891091D1ED5A7008D1257 /* Resources */ = {
			isa = PBXResourcesBuildPhase;
			buildActionMask = 2147483647;
			files = (
			);
			runOnlyForDeploymentPostprocessing = 0;
		};
		098891141D1ED5A7008D1257 /* Resources */ = {
			isa = PBXResourcesBuildPhase;
			buildActionMask = 2147483647;
			files = (
			);
			runOnlyForDeploymentPostprocessing = 0;
		};
/* End PBXResourcesBuildPhase section */

/* Begin PBXSourcesBuildPhase section */
		098890F31D1ED5A7008D1257 /* Sources */ = {
			isa = PBXSourcesBuildPhase;
			buildActionMask = 2147483647;
			files = (
				093C0F691D33775F007C62BC /* RecentOrderViewController.swift in Sources */,
				098890FD1D1ED5A7008D1257 /* LoginViewController.swift in Sources */,
				09558A521D3D10EA008A0A15 /* CustomCell.swift in Sources */,
				096C23A21D57480A00256487 /* TogetherTravelCell.swift in Sources */,
				097A4ED91D40C0E200ADA706 /* CommonUtil.swift in Sources */,
				093398E01D3CBA6C0065BEE5 /* MessageTableViewController.swift in Sources */,
				09CABA9D1D559E2500776C85 /* TravelListViewController.swift in Sources */,
				096C23A61D575F8D00256487 /* IndexTravelDetailViewController.swift in Sources */,
				09F0D5EC1D4A07ED00DA6234 /* ConfigViewController.swift in Sources */,
				098890FB1D1ED5A7008D1257 /* AppDelegate.swift in Sources */,
				096E68D01D21168000501D5B /* RegistViewController.swift in Sources */,
				093310EC1D6003F5007E1C96 /* TogetherTravelViewController.swift in Sources */,
				09CABAA11D55B6A900776C85 /* MyProfileViewController.swift in Sources */,
				09BFAEDE1D5DFCE8008EF761 /* TabBarViewController.swift in Sources */,
				096C23A41D5757F100256487 /* TravelDetailViewController.swift in Sources */,
				098B882A1D61EB87006B7DDA /* README.md in Sources */,
				096A03601D42583C0086C906 /* GuideViewController.swift in Sources */,
				09988B501D24C3280069A65C /* LoginedViewController.swift in Sources */,
				09F2BA731D39380C00672B3A /* BaseViewController.swift in Sources */,
				09CABA9F1D55A8BB00776C85 /* HomeHotelViewController.swift in Sources */,
				097A4ED61D40BD6200ADA706 /* Constant.swift in Sources */,
				0930D2631D3C68FF002AF3C5 /* MyViewController.swift in Sources */,
				096D25C01D4A501900831EE7 /* PublishViewController.swift in Sources */,
				093310F01D6062AD007E1C96 /* SwiftNotice.swift in Sources */,
				096004611D2F974200507D25 /* IndexViewController.swift in Sources */,
				09EC2B331D48AD9D009EFD76 /* MyCustomCell.swift in Sources */,
			);
			runOnlyForDeploymentPostprocessing = 0;
		};
		098891071D1ED5A7008D1257 /* Sources */ = {
			isa = PBXSourcesBuildPhase;
			buildActionMask = 2147483647;
			files = (
				098891101D1ED5A7008D1257 /* funmakerTests.swift in Sources */,
			);
			runOnlyForDeploymentPostprocessing = 0;
		};
		098891121D1ED5A7008D1257 /* Sources */ = {
			isa = PBXSourcesBuildPhase;
			buildActionMask = 2147483647;
			files = (
				0988911B1D1ED5A7008D1257 /* funmakerUITests.swift in Sources */,
			);
			runOnlyForDeploymentPostprocessing = 0;
		};
/* End PBXSourcesBuildPhase section */

/* Begin PBXTargetDependency section */
		090FA9191D65F7E1002C8EF5 /* PBXTargetDependency */ = {
			isa = PBXTargetDependency;
			name = SwiftHTTP;
			targetProxy = 090FA9181D65F7E1002C8EF5 /* PBXContainerItemProxy */;
		};
		0975E68F1D6549F6004C5963 /* PBXTargetDependency */ = {
			isa = PBXTargetDependency;
			name = "Alamofire iOS";
			targetProxy = 0975E68E1D6549F6004C5963 /* PBXContainerItemProxy */;
		};
		0988910D1D1ED5A7008D1257 /* PBXTargetDependency */ = {
			isa = PBXTargetDependency;
			target = 098890F61D1ED5A7008D1257 /* funmaker */;
			targetProxy = 0988910C1D1ED5A7008D1257 /* PBXContainerItemProxy */;
		};
		098891181D1ED5A7008D1257 /* PBXTargetDependency */ = {
			isa = PBXTargetDependency;
			target = 098890F61D1ED5A7008D1257 /* funmaker */;
			targetProxy = 098891171D1ED5A7008D1257 /* PBXContainerItemProxy */;
		};
/* End PBXTargetDependency section */

/* Begin PBXVariantGroup section */
		098890FE1D1ED5A7008D1257 /* Main.storyboard */ = {
			isa = PBXVariantGroup;
			children = (
				098890FF1D1ED5A7008D1257 /* Base */,
			);
			name = Main.storyboard;
			sourceTree = "<group>";
		};
		098891031D1ED5A7008D1257 /* LaunchScreen.storyboard */ = {
			isa = PBXVariantGroup;
			children = (
				098891041D1ED5A7008D1257 /* Base */,
			);
			name = LaunchScreen.storyboard;
			sourceTree = "<group>";
		};
/* End PBXVariantGroup section */

/* Begin XCBuildConfiguration section */
		0988911D1D1ED5A7008D1257 /* Debug */ = {
			isa = XCBuildConfiguration;
			buildSettings = {
				ALWAYS_SEARCH_USER_PATHS = NO;
				CLANG_ANALYZER_NONNULL = YES;
				CLANG_CXX_LANGUAGE_STANDARD = "gnu++0x";
				CLANG_CXX_LIBRARY = "libc++";
				CLANG_ENABLE_MODULES = YES;
				CLANG_ENABLE_OBJC_ARC = YES;
				CLANG_WARN_BOOL_CONVERSION = YES;
				CLANG_WARN_CONSTANT_CONVERSION = YES;
				CLANG_WARN_DIRECT_OBJC_ISA_USAGE = YES_ERROR;
				CLANG_WARN_EMPTY_BODY = YES;
				CLANG_WARN_ENUM_CONVERSION = YES;
				CLANG_WARN_INT_CONVERSION = YES;
				CLANG_WARN_OBJC_ROOT_CLASS = YES_ERROR;
				CLANG_WARN_UNREACHABLE_CODE = YES;
				CLANG_WARN__DUPLICATE_METHOD_MATCH = YES;
				"CODE_SIGN_IDENTITY[sdk=iphoneos*]" = "iPhone Developer";
				COPY_PHASE_STRIP = NO;
				DEBUG_INFORMATION_FORMAT = dwarf;
				EMBEDDED_CONTENT_CONTAINS_SWIFT = YES;
				ENABLE_STRICT_OBJC_MSGSEND = YES;
				ENABLE_TESTABILITY = YES;
				GCC_C_LANGUAGE_STANDARD = gnu99;
				GCC_DYNAMIC_NO_PIC = NO;
				GCC_NO_COMMON_BLOCKS = YES;
				GCC_OPTIMIZATION_LEVEL = 0;
				GCC_PREPROCESSOR_DEFINITIONS = (
					"DEBUG=1",
					"$(inherited)",
				);
				GCC_WARN_64_TO_32_BIT_CONVERSION = YES;
				GCC_WARN_ABOUT_RETURN_TYPE = YES_ERROR;
				GCC_WARN_UNDECLARED_SELECTOR = YES;
				GCC_WARN_UNINITIALIZED_AUTOS = YES_AGGRESSIVE;
				GCC_WARN_UNUSED_FUNCTION = YES;
				GCC_WARN_UNUSED_VARIABLE = YES;
				IPHONEOS_DEPLOYMENT_TARGET = 9.3;
				MTL_ENABLE_DEBUG_INFO = YES;
				ONLY_ACTIVE_ARCH = YES;
				PROVISIONING_PROFILE = "ebd3e3f9-e2e8-465b-9e0d-bdd994154984";
				SDKROOT = iphoneos;
				SWIFT_OPTIMIZATION_LEVEL = "-Onone";
			};
			name = Debug;
		};
		0988911E1D1ED5A7008D1257 /* Release */ = {
			isa = XCBuildConfiguration;
			buildSettings = {
				ALWAYS_SEARCH_USER_PATHS = NO;
				CLANG_ANALYZER_NONNULL = YES;
				CLANG_CXX_LANGUAGE_STANDARD = "gnu++0x";
				CLANG_CXX_LIBRARY = "libc++";
				CLANG_ENABLE_MODULES = YES;
				CLANG_ENABLE_OBJC_ARC = YES;
				CLANG_WARN_BOOL_CONVERSION = YES;
				CLANG_WARN_CONSTANT_CONVERSION = YES;
				CLANG_WARN_DIRECT_OBJC_ISA_USAGE = YES_ERROR;
				CLANG_WARN_EMPTY_BODY = YES;
				CLANG_WARN_ENUM_CONVERSION = YES;
				CLANG_WARN_INT_CONVERSION = YES;
				CLANG_WARN_OBJC_ROOT_CLASS = YES_ERROR;
				CLANG_WARN_UNREACHABLE_CODE = YES;
				CLANG_WARN__DUPLICATE_METHOD_MATCH = YES;
				"CODE_SIGN_IDENTITY[sdk=iphoneos*]" = "iPhone Developer";
				COPY_PHASE_STRIP = NO;
				DEBUG_INFORMATION_FORMAT = "dwarf-with-dsym";
				EMBEDDED_CONTENT_CONTAINS_SWIFT = YES;
				ENABLE_NS_ASSERTIONS = NO;
				ENABLE_STRICT_OBJC_MSGSEND = YES;
				GCC_C_LANGUAGE_STANDARD = gnu99;
				GCC_NO_COMMON_BLOCKS = YES;
				GCC_WARN_64_TO_32_BIT_CONVERSION = YES;
				GCC_WARN_ABOUT_RETURN_TYPE = YES_ERROR;
				GCC_WARN_UNDECLARED_SELECTOR = YES;
				GCC_WARN_UNINITIALIZED_AUTOS = YES_AGGRESSIVE;
				GCC_WARN_UNUSED_FUNCTION = YES;
				GCC_WARN_UNUSED_VARIABLE = YES;
				IPHONEOS_DEPLOYMENT_TARGET = 9.3;
				MTL_ENABLE_DEBUG_INFO = NO;
				PROVISIONING_PROFILE = "be218442-08f8-4354-8946-3298b3db5572";
				SDKROOT = iphoneos;
				VALIDATE_PRODUCT = YES;
			};
			name = Release;
		};
		098891201D1ED5A7008D1257 /* Debug */ = {
			isa = XCBuildConfiguration;
			buildSettings = {
				ASSETCATALOG_COMPILER_APPICON_NAME = AppIcon;
				CLANG_ENABLE_MODULES = YES;
				CODE_SIGN_IDENTITY = "iPhone Developer";
				"CODE_SIGN_IDENTITY[sdk=iphoneos*]" = "iPhone Developer";
				EMBEDDED_CONTENT_CONTAINS_SWIFT = YES;
				FRAMEWORK_SEARCH_PATHS = (
					"$(inherited)",
					"$(PROJECT_DIR)/SMS_SDK",
					"$(PROJECT_DIR)/ShareSDK",
					"$(PROJECT_DIR)/ShareSDK/Support/Optional",
					"$(PROJECT_DIR)/ShareSDK/Support/PlatformSDK/FacebookMessengerSDK",
					"$(PROJECT_DIR)/ShareSDK/Support/PlatformSDK/KaKaoSDK",
					"$(PROJECT_DIR)/ShareSDK/Support/PlatformSDK/QQSDK",
					"$(PROJECT_DIR)/ShareSDK/Support/PlatformSDK/RenRenSDK",
					"$(PROJECT_DIR)/ShareSDK/Support/Required",
				);
				INFOPLIST_FILE = funmaker/Info.plist;
				LD_RUNPATH_SEARCH_PATHS = "$(inherited) @executable_path/Frameworks";
				LIBRARY_SEARCH_PATHS = (
					"$(inherited)",
					"$(PROJECT_DIR)/ShareSDK/Support/PlatformSDK/APSocialSDK",
					"$(PROJECT_DIR)/ShareSDK/Support/PlatformSDK/SinaWeiboSDK",
					"$(PROJECT_DIR)/ShareSDK/Support/PlatformSDK/WeChatSDK",
					"$(PROJECT_DIR)/ShareSDK/Support/PlatformSDK/YiXinSDK",
				);
				PRODUCT_BUNDLE_IDENTIFIER = com.funny.funmaker;
				PRODUCT_NAME = "$(TARGET_NAME)";
				PROVISIONING_PROFILE = "";
				SWIFT_OBJC_BRIDGING_HEADER = "funmaker/funmaker-Bridging-Header.h";
				SWIFT_OPTIMIZATION_LEVEL = "-Onone";
				VALID_ARCHS = "arm64 armv7 armv7s";
			};
			name = Debug;
		};
		098891211D1ED5A7008D1257 /* Release */ = {
			isa = XCBuildConfiguration;
			buildSettings = {
				ASSETCATALOG_COMPILER_APPICON_NAME = AppIcon;
				CLANG_ENABLE_MODULES = YES;
				CODE_SIGN_IDENTITY = "iPhone Developer";
				"CODE_SIGN_IDENTITY[sdk=iphoneos*]" = "iPhone Developer";
				EMBEDDED_CONTENT_CONTAINS_SWIFT = YES;
				FRAMEWORK_SEARCH_PATHS = (
					"$(inherited)",
					"$(PROJECT_DIR)/SMS_SDK",
					"$(PROJECT_DIR)/ShareSDK",
					"$(PROJECT_DIR)/ShareSDK/Support/Optional",
					"$(PROJECT_DIR)/ShareSDK/Support/PlatformSDK/FacebookMessengerSDK",
					"$(PROJECT_DIR)/ShareSDK/Support/PlatformSDK/KaKaoSDK",
					"$(PROJECT_DIR)/ShareSDK/Support/PlatformSDK/QQSDK",
					"$(PROJECT_DIR)/ShareSDK/Support/PlatformSDK/RenRenSDK",
					"$(PROJECT_DIR)/ShareSDK/Support/Required",
				);
				INFOPLIST_FILE = funmaker/Info.plist;
				LD_RUNPATH_SEARCH_PATHS = "$(inherited) @executable_path/Frameworks";
				LIBRARY_SEARCH_PATHS = (
					"$(inherited)",
					"$(PROJECT_DIR)/ShareSDK/Support/PlatformSDK/APSocialSDK",
					"$(PROJECT_DIR)/ShareSDK/Support/PlatformSDK/SinaWeiboSDK",
					"$(PROJECT_DIR)/ShareSDK/Support/PlatformSDK/WeChatSDK",
					"$(PROJECT_DIR)/ShareSDK/Support/PlatformSDK/YiXinSDK",
				);
				PRODUCT_BUNDLE_IDENTIFIER = com.funny.funmaker;
				PRODUCT_NAME = "$(TARGET_NAME)";
				PROVISIONING_PROFILE = "";
				SWIFT_OBJC_BRIDGING_HEADER = "funmaker/funmaker-Bridging-Header.h";
			};
			name = Release;
		};
		098891231D1ED5A7008D1257 /* Debug */ = {
			isa = XCBuildConfiguration;
			buildSettings = {
				BUNDLE_LOADER = "$(TEST_HOST)";
				INFOPLIST_FILE = funmakerTests/Info.plist;
				LD_RUNPATH_SEARCH_PATHS = "$(inherited) @executable_path/Frameworks @loader_path/Frameworks";
				PRODUCT_BUNDLE_IDENTIFIER = com.celechem.funmakerTests;
				PRODUCT_NAME = "$(TARGET_NAME)";
				TEST_HOST = "$(BUILT_PRODUCTS_DIR)/funmaker.app/funmaker";
			};
			name = Debug;
		};
		098891241D1ED5A7008D1257 /* Release */ = {
			isa = XCBuildConfiguration;
			buildSettings = {
				BUNDLE_LOADER = "$(TEST_HOST)";
				INFOPLIST_FILE = funmakerTests/Info.plist;
				LD_RUNPATH_SEARCH_PATHS = "$(inherited) @executable_path/Frameworks @loader_path/Frameworks";
				PRODUCT_BUNDLE_IDENTIFIER = com.celechem.funmakerTests;
				PRODUCT_NAME = "$(TARGET_NAME)";
				TEST_HOST = "$(BUILT_PRODUCTS_DIR)/funmaker.app/funmaker";
			};
			name = Release;
		};
		098891261D1ED5A7008D1257 /* Debug */ = {
			isa = XCBuildConfiguration;
			buildSettings = {
				INFOPLIST_FILE = funmakerUITests/Info.plist;
				LD_RUNPATH_SEARCH_PATHS = "$(inherited) @executable_path/Frameworks @loader_path/Frameworks";
				PRODUCT_BUNDLE_IDENTIFIER = com.celechem.funmakerUITests;
				PRODUCT_NAME = "$(TARGET_NAME)";
				TEST_TARGET_NAME = funmaker;
			};
			name = Debug;
		};
		098891271D1ED5A7008D1257 /* Release */ = {
			isa = XCBuildConfiguration;
			buildSettings = {
				INFOPLIST_FILE = funmakerUITests/Info.plist;
				LD_RUNPATH_SEARCH_PATHS = "$(inherited) @executable_path/Frameworks @loader_path/Frameworks";
				PRODUCT_BUNDLE_IDENTIFIER = com.celechem.funmakerUITests;
				PRODUCT_NAME = "$(TARGET_NAME)";
				TEST_TARGET_NAME = funmaker;
			};
			name = Release;
		};
/* End XCBuildConfiguration section */

/* Begin XCConfigurationList section */
		098890F21D1ED5A7008D1257 /* Build configuration list for PBXProject "funmaker" */ = {
			isa = XCConfigurationList;
			buildConfigurations = (
				0988911D1D1ED5A7008D1257 /* Debug */,
				0988911E1D1ED5A7008D1257 /* Release */,
			);
			defaultConfigurationIsVisible = 0;
			defaultConfigurationName = Release;
		};
		0988911F1D1ED5A7008D1257 /* Build configuration list for PBXNativeTarget "funmaker" */ = {
			isa = XCConfigurationList;
			buildConfigurations = (
				098891201D1ED5A7008D1257 /* Debug */,
				098891211D1ED5A7008D1257 /* Release */,
			);
			defaultConfigurationIsVisible = 0;
			defaultConfigurationName = Release;
		};
		098891221D1ED5A7008D1257 /* Build configuration list for PBXNativeTarget "funmakerTests" */ = {
			isa = XCConfigurationList;
			buildConfigurations = (
				098891231D1ED5A7008D1257 /* Debug */,
				098891241D1ED5A7008D1257 /* Release */,
			);
			defaultConfigurationIsVisible = 0;
			defaultConfigurationName = Release;
		};
		098891251D1ED5A7008D1257 /* Build configuration list for PBXNativeTarget "funmakerUITests" */ = {
			isa = XCConfigurationList;
			buildConfigurations = (
				098891261D1ED5A7008D1257 /* Debug */,
				098891271D1ED5A7008D1257 /* Release */,
			);
			defaultConfigurationIsVisible = 0;
			defaultConfigurationName = Release;
		};
/* End XCConfigurationList section */
	};
	rootObject = 098890EF1D1ED5A7008D1257 /* Project object */;
}
