// !$*UTF8*$!
{
	archiveVersion = 1;
	classes = {
	};
	objectVersion = 46;
	objects = {

/* Begin PBXBuildFile section */
		090ACEB11D40780900C33E51 /* SwiftHTTP.framework in Frameworks */ = {isa = PBXBuildFile; fileRef = 0961972A1D40752700CCC7EB /* SwiftHTTP.framework */; };
		090ACEBF1D408A5500C33E51 /* SwiftHTTP.framework in Copy Frameworks */ = {isa = PBXBuildFile; fileRef = 0961972A1D40752700CCC7EB /* SwiftHTTP.framework */; settings = {ATTRIBUTES = (CodeSignOnCopy, RemoveHeadersOnCopy, ); }; };
		0930D2631D3C68FF002AF3C5 /* MyViewController.swift in Sources */ = {isa = PBXBuildFile; fileRef = 0930D2621D3C68FF002AF3C5 /* MyViewController.swift */; };
		0930D2651D3C7759002AF3C5 /* PublishViewController.swift in Sources */ = {isa = PBXBuildFile; fileRef = 0930D2641D3C7759002AF3C5 /* PublishViewController.swift */; };
		093398E01D3CBA6C0065BEE5 /* MessageTableViewController.swift in Sources */ = {isa = PBXBuildFile; fileRef = 093398DF1D3CBA6C0065BEE5 /* MessageTableViewController.swift */; };
		093C0F691D33775F007C62BC /* RecentOrderViewController.swift in Sources */ = {isa = PBXBuildFile; fileRef = 093C0F681D33775F007C62BC /* RecentOrderViewController.swift */; };
		09558A521D3D10EA008A0A15 /* CustomCell.swift in Sources */ = {isa = PBXBuildFile; fileRef = 09558A511D3D10EA008A0A15 /* CustomCell.swift */; };
		095A696B1D3F6204009265ED /* MOBFoundation.framework in Frameworks */ = {isa = PBXBuildFile; fileRef = 095A696A1D3F6204009265ED /* MOBFoundation.framework */; };
		096004611D2F974200507D25 /* IndexViewController.swift in Sources */ = {isa = PBXBuildFile; fileRef = 096004601D2F974200507D25 /* IndexViewController.swift */; };
		096E68D01D21168000501D5B /* RegistViewController.swift in Sources */ = {isa = PBXBuildFile; fileRef = 096E68CF1D21168000501D5B /* RegistViewController.swift */; };
		097A4ED61D40BD6200ADA706 /* Constant.swift in Sources */ = {isa = PBXBuildFile; fileRef = 097A4ED51D40BD6200ADA706 /* Constant.swift */; };
		097A4ED91D40C0E200ADA706 /* CommonUtil.swift in Sources */ = {isa = PBXBuildFile; fileRef = 097A4ED81D40C0E200ADA706 /* CommonUtil.swift */; };
		098890FB1D1ED5A7008D1257 /* AppDelegate.swift in Sources */ = {isa = PBXBuildFile; fileRef = 098890FA1D1ED5A7008D1257 /* AppDelegate.swift */; };
		098890FD1D1ED5A7008D1257 /* LoginViewController.swift in Sources */ = {isa = PBXBuildFile; fileRef = 098890FC1D1ED5A7008D1257 /* LoginViewController.swift */; };
		098891001D1ED5A7008D1257 /* Main.storyboard in Resources */ = {isa = PBXBuildFile; fileRef = 098890FE1D1ED5A7008D1257 /* Main.storyboard */; };
		098891021D1ED5A7008D1257 /* Assets.xcassets in Resources */ = {isa = PBXBuildFile; fileRef = 098891011D1ED5A7008D1257 /* Assets.xcassets */; };
		098891051D1ED5A7008D1257 /* LaunchScreen.storyboard in Resources */ = {isa = PBXBuildFile; fileRef = 098891031D1ED5A7008D1257 /* LaunchScreen.storyboard */; };
		098891101D1ED5A7008D1257 /* funmakerTests.swift in Sources */ = {isa = PBXBuildFile; fileRef = 0988910F1D1ED5A7008D1257 /* funmakerTests.swift */; };
		0988911B1D1ED5A7008D1257 /* funmakerUITests.swift in Sources */ = {isa = PBXBuildFile; fileRef = 0988911A1D1ED5A7008D1257 /* funmakerUITests.swift */; };
		09988B501D24C3280069A65C /* LoginedViewController.swift in Sources */ = {isa = PBXBuildFile; fileRef = 09988B4F1D24C3280069A65C /* LoginedViewController.swift */; };
		09F29FB11D3F20AD00211E2F /* SMS_SDK.framework in Frameworks */ = {isa = PBXBuildFile; fileRef = 09F29FB01D3F20AD00211E2F /* SMS_SDK.framework */; };
		09F29FB31D3F22CC00211E2F /* libz.1.2.5.tbd in Frameworks */ = {isa = PBXBuildFile; fileRef = 09F29FB21D3F22CC00211E2F /* libz.1.2.5.tbd */; };
		09F29FB71D3F22FE00211E2F /* MessageUI.framework in Frameworks */ = {isa = PBXBuildFile; fileRef = 09F29FB61D3F22FE00211E2F /* MessageUI.framework */; };
		09F29FB91D3F230900211E2F /* JavaScriptCore.framework in Frameworks */ = {isa = PBXBuildFile; fileRef = 09F29FB81D3F230900211E2F /* JavaScriptCore.framework */; };
		09F29FBB1D3F231D00211E2F /* libstdc++.6.0.9.tbd in Frameworks */ = {isa = PBXBuildFile; fileRef = 09F29FBA1D3F231D00211E2F /* libstdc++.6.0.9.tbd */; };
		09F29FBF1D3F240700211E2F /* SMS_SDK in Resources */ = {isa = PBXBuildFile; fileRef = 09F29FBE1D3F240700211E2F /* SMS_SDK */; };
		09F29FC11D3F244500211E2F /* libicucore.tbd in Frameworks */ = {isa = PBXBuildFile; fileRef = 09F29FC01D3F244500211E2F /* libicucore.tbd */; };
		09F2BA731D39380C00672B3A /* BaseViewController.swift in Sources */ = {isa = PBXBuildFile; fileRef = 09F2BA721D39380C00672B3A /* BaseViewController.swift */; };
/* End PBXBuildFile section */

/* Begin PBXContainerItemProxy section */
		096197291D40752700CCC7EB /* PBXContainerItemProxy */ = {
			isa = PBXContainerItemProxy;
			containerPortal = 0961971F1D40752700CCC7EB /* SwiftHTTP.xcodeproj */;
			proxyType = 2;
			remoteGlobalIDString = 6BFD901619C8D8B500DD99B6;
			remoteInfo = SwiftHTTP;
		};
		0961972B1D40752700CCC7EB /* PBXContainerItemProxy */ = {
			isa = PBXContainerItemProxy;
			containerPortal = 0961971F1D40752700CCC7EB /* SwiftHTTP.xcodeproj */;
			proxyType = 2;
			remoteGlobalIDString = 6BFD902119C8D8B500DD99B6;
			remoteInfo = SwiftHTTPTests;
		};
		0961972D1D40752700CCC7EB /* PBXContainerItemProxy */ = {
			isa = PBXContainerItemProxy;
			containerPortal = 0961971F1D40752700CCC7EB /* SwiftHTTP.xcodeproj */;
			proxyType = 2;
			remoteGlobalIDString = D958025919E6EEEB003C8218;
			remoteInfo = SwiftHTTPOSX;
		};
		0961972F1D40752700CCC7EB /* PBXContainerItemProxy */ = {
			isa = PBXContainerItemProxy;
			containerPortal = 0961971F1D40752700CCC7EB /* SwiftHTTP.xcodeproj */;
			proxyType = 2;
			remoteGlobalIDString = D958026319E6EEEB003C8218;
			remoteInfo = SwiftHTTPOSXTests;
		};
		096197311D40752700CCC7EB /* PBXContainerItemProxy */ = {
			isa = PBXContainerItemProxy;
			containerPortal = 0961971F1D40752700CCC7EB /* SwiftHTTP.xcodeproj */;
			proxyType = 2;
			remoteGlobalIDString = 5C135EC11C4733CD00AA3A01;
			remoteInfo = SwiftHTTPtvOS;
		};
		096197331D40752700CCC7EB /* PBXContainerItemProxy */ = {
			isa = PBXContainerItemProxy;
			containerPortal = 0961971F1D40752700CCC7EB /* SwiftHTTP.xcodeproj */;
			proxyType = 2;
			remoteGlobalIDString = 5C135ECA1C4733CE00AA3A01;
			remoteInfo = SwiftHTTPtvOSTests;
		};
		096197351D40752700CCC7EB /* PBXContainerItemProxy */ = {
			isa = PBXContainerItemProxy;
			containerPortal = 0961971F1D40752700CCC7EB /* SwiftHTTP.xcodeproj */;
			proxyType = 2;
			remoteGlobalIDString = 5C135FA91C4737E200AA3A01;
			remoteInfo = SwiftHTTPWatchOS;
		};
		0988910C1D1ED5A7008D1257 /* PBXContainerItemProxy */ = {
			isa = PBXContainerItemProxy;
			containerPortal = 098890EF1D1ED5A7008D1257 /* Project object */;
			proxyType = 1;
			remoteGlobalIDString = 098890F61D1ED5A7008D1257;
			remoteInfo = funmaker;
		};
		098891171D1ED5A7008D1257 /* PBXContainerItemProxy */ = {
			isa = PBXContainerItemProxy;
			containerPortal = 098890EF1D1ED5A7008D1257 /* Project object */;
			proxyType = 1;
			remoteGlobalIDString = 098890F61D1ED5A7008D1257;
			remoteInfo = funmaker;
		};
/* End PBXContainerItemProxy section */

/* Begin PBXCopyFilesBuildPhase section */
		090ACEB61D40896400C33E51 /* Copy Frameworks */ = {
			isa = PBXCopyFilesBuildPhase;
			buildActionMask = 12;
			dstPath = "";
			dstSubfolderSpec = 10;
			files = (
				090ACEBF1D408A5500C33E51 /* SwiftHTTP.framework in Copy Frameworks */,
			);
			name = "Copy Frameworks";
			runOnlyForDeploymentPostprocessing = 0;
		};
/* End PBXCopyFilesBuildPhase section */

/* Begin PBXFileReference section */
		0930D2621D3C68FF002AF3C5 /* MyViewController.swift */ = {isa = PBXFileReference; fileEncoding = 4; lastKnownFileType = sourcecode.swift; path = MyViewController.swift; sourceTree = "<group>"; };
		0930D2641D3C7759002AF3C5 /* PublishViewController.swift */ = {isa = PBXFileReference; fileEncoding = 4; lastKnownFileType = sourcecode.swift; path = PublishViewController.swift; sourceTree = "<group>"; };
		093398DF1D3CBA6C0065BEE5 /* MessageTableViewController.swift */ = {isa = PBXFileReference; fileEncoding = 4; lastKnownFileType = sourcecode.swift; path = MessageTableViewController.swift; sourceTree = "<group>"; };
		093C0F681D33775F007C62BC /* RecentOrderViewController.swift */ = {isa = PBXFileReference; fileEncoding = 4; lastKnownFileType = sourcecode.swift; path = RecentOrderViewController.swift; sourceTree = "<group>"; };
		09558A511D3D10EA008A0A15 /* CustomCell.swift */ = {isa = PBXFileReference; fileEncoding = 4; lastKnownFileType = sourcecode.swift; path = CustomCell.swift; sourceTree = "<group>"; };
		095A696A1D3F6204009265ED /* MOBFoundation.framework */ = {isa = PBXFileReference; lastKnownFileType = wrapper.framework; name = MOBFoundation.framework; path = SMS_SDK/MOBFoundation.framework; sourceTree = "<group>"; };
		096004601D2F974200507D25 /* IndexViewController.swift */ = {isa = PBXFileReference; fileEncoding = 4; lastKnownFileType = sourcecode.swift; path = IndexViewController.swift; sourceTree = "<group>"; };
		0961971F1D40752700CCC7EB /* SwiftHTTP.xcodeproj */ = {isa = PBXFileReference; lastKnownFileType = "wrapper.pb-project"; name = SwiftHTTP.xcodeproj; path = "../../../Downloads/SwiftHTTP-master-5/SwiftHTTP.xcodeproj"; sourceTree = "<group>"; };
		096E68CF1D21168000501D5B /* RegistViewController.swift */ = {isa = PBXFileReference; fileEncoding = 4; lastKnownFileType = sourcecode.swift; path = RegistViewController.swift; sourceTree = "<group>"; };
		097A4ED51D40BD6200ADA706 /* Constant.swift */ = {isa = PBXFileReference; fileEncoding = 4; lastKnownFileType = sourcecode.swift; path = Constant.swift; sourceTree = "<group>"; };
		097A4ED81D40C0E200ADA706 /* CommonUtil.swift */ = {isa = PBXFileReference; fileEncoding = 4; lastKnownFileType = sourcecode.swift; path = CommonUtil.swift; sourceTree = "<group>"; };
		098890F71D1ED5A7008D1257 /* funmaker.app */ = {isa = PBXFileReference; explicitFileType = wrapper.application; includeInIndex = 0; path = funmaker.app; sourceTree = BUILT_PRODUCTS_DIR; };
		098890FA1D1ED5A7008D1257 /* AppDelegate.swift */ = {isa = PBXFileReference; lastKnownFileType = sourcecode.swift; path = AppDelegate.swift; sourceTree = "<group>"; };
		098890FC1D1ED5A7008D1257 /* LoginViewController.swift */ = {isa = PBXFileReference; lastKnownFileType = sourcecode.swift; path = LoginViewController.swift; sourceTree = "<group>"; };
		098890FF1D1ED5A7008D1257 /* Base */ = {isa = PBXFileReference; lastKnownFileType = file.storyboard; name = Base; path = Base.lproj/Main.storyboard; sourceTree = "<group>"; };
		098891011D1ED5A7008D1257 /* Assets.xcassets */ = {isa = PBXFileReference; lastKnownFileType = folder.assetcatalog; path = Assets.xcassets; sourceTree = "<group>"; };
		098891041D1ED5A7008D1257 /* Base */ = {isa = PBXFileReference; lastKnownFileType = file.storyboard; name = Base; path = Base.lproj/LaunchScreen.storyboard; sourceTree = "<group>"; };
		098891061D1ED5A7008D1257 /* Info.plist */ = {isa = PBXFileReference; lastKnownFileType = text.plist.xml; path = Info.plist; sourceTree = "<group>"; };
		0988910B1D1ED5A7008D1257 /* funmakerTests.xctest */ = {isa = PBXFileReference; explicitFileType = wrapper.cfbundle; includeInIndex = 0; path = funmakerTests.xctest; sourceTree = BUILT_PRODUCTS_DIR; };
		0988910F1D1ED5A7008D1257 /* funmakerTests.swift */ = {isa = PBXFileReference; lastKnownFileType = sourcecode.swift; path = funmakerTests.swift; sourceTree = "<group>"; };
		098891111D1ED5A7008D1257 /* Info.plist */ = {isa = PBXFileReference; lastKnownFileType = text.plist.xml; path = Info.plist; sourceTree = "<group>"; };
		098891161D1ED5A7008D1257 /* funmakerUITests.xctest */ = {isa = PBXFileReference; explicitFileType = wrapper.cfbundle; includeInIndex = 0; path = funmakerUITests.xctest; sourceTree = BUILT_PRODUCTS_DIR; };
		0988911A1D1ED5A7008D1257 /* funmakerUITests.swift */ = {isa = PBXFileReference; lastKnownFileType = sourcecode.swift; path = funmakerUITests.swift; sourceTree = "<group>"; };
		0988911C1D1ED5A7008D1257 /* Info.plist */ = {isa = PBXFileReference; lastKnownFileType = text.plist.xml; path = Info.plist; sourceTree = "<group>"; };
		09988B4F1D24C3280069A65C /* LoginedViewController.swift */ = {isa = PBXFileReference; fileEncoding = 4; lastKnownFileType = sourcecode.swift; path = LoginedViewController.swift; sourceTree = "<group>"; };
		09F29FB01D3F20AD00211E2F /* SMS_SDK.framework */ = {isa = PBXFileReference; lastKnownFileType = wrapper.framework; name = SMS_SDK.framework; path = SMS_SDK/SMS_SDK.framework; sourceTree = "<group>"; };
		09F29FB21D3F22CC00211E2F /* libz.1.2.5.tbd */ = {isa = PBXFileReference; lastKnownFileType = "sourcecode.text-based-dylib-definition"; name = libz.1.2.5.tbd; path = usr/lib/libz.1.2.5.tbd; sourceTree = SDKROOT; };
		09F29FB61D3F22FE00211E2F /* MessageUI.framework */ = {isa = PBXFileReference; lastKnownFileType = wrapper.framework; name = MessageUI.framework; path = System/Library/Frameworks/MessageUI.framework; sourceTree = SDKROOT; };
		09F29FB81D3F230900211E2F /* JavaScriptCore.framework */ = {isa = PBXFileReference; lastKnownFileType = wrapper.framework; name = JavaScriptCore.framework; path = System/Library/Frameworks/JavaScriptCore.framework; sourceTree = SDKROOT; };
		09F29FBA1D3F231D00211E2F /* libstdc++.6.0.9.tbd */ = {isa = PBXFileReference; lastKnownFileType = "sourcecode.text-based-dylib-definition"; name = "libstdc++.6.0.9.tbd"; path = "usr/lib/libstdc++.6.0.9.tbd"; sourceTree = SDKROOT; };
		09F29FBE1D3F240700211E2F /* SMS_SDK */ = {isa = PBXFileReference; lastKnownFileType = folder; path = SMS_SDK; sourceTree = "<group>"; };
		09F29FC01D3F244500211E2F /* libicucore.tbd */ = {isa = PBXFileReference; lastKnownFileType = "sourcecode.text-based-dylib-definition"; name = libicucore.tbd; path = usr/lib/libicucore.tbd; sourceTree = SDKROOT; };
		09F29FC21D3F248600211E2F /* funmaker-Bridging-Header.h */ = {isa = PBXFileReference; lastKnownFileType = sourcecode.c.h; path = "funmaker-Bridging-Header.h"; sourceTree = "<group>"; };
		09F2BA721D39380C00672B3A /* BaseViewController.swift */ = {isa = PBXFileReference; fileEncoding = 4; lastKnownFileType = sourcecode.swift; path = BaseViewController.swift; sourceTree = "<group>"; };
/* End PBXFileReference section */

/* Begin PBXFrameworksBuildPhase section */
		098890F41D1ED5A7008D1257 /* Frameworks */ = {
			isa = PBXFrameworksBuildPhase;
			buildActionMask = 2147483647;
			files = (
				090ACEB11D40780900C33E51 /* SwiftHTTP.framework in Frameworks */,
				09F29FC11D3F244500211E2F /* libicucore.tbd in Frameworks */,
				09F29FB31D3F22CC00211E2F /* libz.1.2.5.tbd in Frameworks */,
				09F29FBB1D3F231D00211E2F /* libstdc++.6.0.9.tbd in Frameworks */,
				09F29FB91D3F230900211E2F /* JavaScriptCore.framework in Frameworks */,
				095A696B1D3F6204009265ED /* MOBFoundation.framework in Frameworks */,
				09F29FB71D3F22FE00211E2F /* MessageUI.framework in Frameworks */,
				09F29FB11D3F20AD00211E2F /* SMS_SDK.framework in Frameworks */,
			);
			runOnlyForDeploymentPostprocessing = 0;
		};
		098891081D1ED5A7008D1257 /* Frameworks */ = {
			isa = PBXFrameworksBuildPhase;
			buildActionMask = 2147483647;
			files = (
			);
			runOnlyForDeploymentPostprocessing = 0;
		};
		098891131D1ED5A7008D1257 /* Frameworks */ = {
			isa = PBXFrameworksBuildPhase;
			buildActionMask = 2147483647;
			files = (
			);
			runOnlyForDeploymentPostprocessing = 0;
		};
/* End PBXFrameworksBuildPhase section */

/* Begin PBXGroup section */
		096004621D2F977F00507D25 /* controller */ = {
			isa = PBXGroup;
			children = (
				0930D2641D3C7759002AF3C5 /* PublishViewController.swift */,
				0930D2621D3C68FF002AF3C5 /* MyViewController.swift */,
				096004601D2F974200507D25 /* IndexViewController.swift */,
				096E68CF1D21168000501D5B /* RegistViewController.swift */,
				098890FC1D1ED5A7008D1257 /* LoginViewController.swift */,
				09988B4F1D24C3280069A65C /* LoginedViewController.swift */,
				093C0F681D33775F007C62BC /* RecentOrderViewController.swift */,
				093398DF1D3CBA6C0065BEE5 /* MessageTableViewController.swift */,
				09F2BA721D39380C00672B3A /* BaseViewController.swift */,
				09558A511D3D10EA008A0A15 /* CustomCell.swift */,
			);
			name = controller;
			sourceTree = "<group>";
		};
		096004631D2F979200507D25 /* delegate */ = {
			isa = PBXGroup;
			children = (
				098890FA1D1ED5A7008D1257 /* AppDelegate.swift */,
			);
			name = delegate;
			sourceTree = "<group>";
		};
		096004641D2F979C00507D25 /* util */ = {
			isa = PBXGroup;
			children = (
				097A4ED81D40C0E200ADA706 /* CommonUtil.swift */,
			);
			name = util;
			sourceTree = "<group>";
		};
		096197201D40752700CCC7EB /* Products */ = {
			isa = PBXGroup;
			children = (
				0961972A1D40752700CCC7EB /* SwiftHTTP.framework */,
				0961972C1D40752700CCC7EB /* SwiftHTTPTests.xctest */,
				0961972E1D40752700CCC7EB /* SwiftHTTP.framework */,
				096197301D40752700CCC7EB /* SwiftHTTPOSXTests.xctest */,
				096197321D40752700CCC7EB /* SwiftHTTP.framework */,
				096197341D40752700CCC7EB /* SwiftHTTPtvOSTests.xctest */,
				096197361D40752700CCC7EB /* SwiftHTTP.framework */,
			);
			name = Products;
			sourceTree = "<group>";
		};
		097A4EC91D40BCBD00ADA706 /* common */ = {
			isa = PBXGroup;
			children = (
				097A4ED51D40BD6200ADA706 /* Constant.swift */,
			);
			name = common;
			sourceTree = "<group>";
		};
		097A4ED71D40C09100ADA706 /* Swift-OC */ = {
			isa = PBXGroup;
			children = (
				09F29FC21D3F248600211E2F /* funmaker-Bridging-Header.h */,
			);
			name = "Swift-OC";
			sourceTree = "<group>";
		};
		098890EE1D1ED5A7008D1257 = {
			isa = PBXGroup;
			children = (
				0961971F1D40752700CCC7EB /* SwiftHTTP.xcodeproj */,
				098890F91D1ED5A7008D1257 /* funmaker */,
				0988910E1D1ED5A7008D1257 /* funmakerTests */,
				098891191D1ED5A7008D1257 /* funmakerUITests */,
				098890F81D1ED5A7008D1257 /* Products */,
				09F29FBE1D3F240700211E2F /* SMS_SDK */,
				09F29FB01D3F20AD00211E2F /* SMS_SDK.framework */,
				09F29FB61D3F22FE00211E2F /* MessageUI.framework */,
				09F29FB81D3F230900211E2F /* JavaScriptCore.framework */,
				095A696A1D3F6204009265ED /* MOBFoundation.framework */,
				09F29FB21D3F22CC00211E2F /* libz.1.2.5.tbd */,
				09F29FBA1D3F231D00211E2F /* libstdc++.6.0.9.tbd */,
				09F29FC01D3F244500211E2F /* libicucore.tbd */,
			);
			sourceTree = "<group>";
		};
		098890F81D1ED5A7008D1257 /* Products */ = {
			isa = PBXGroup;
			children = (
				098890F71D1ED5A7008D1257 /* funmaker.app */,
				0988910B1D1ED5A7008D1257 /* funmakerTests.xctest */,
				098891161D1ED5A7008D1257 /* funmakerUITests.xctest */,
			);
			name = Products;
			sourceTree = "<group>";
		};
		098890F91D1ED5A7008D1257 /* funmaker */ = {
			isa = PBXGroup;
			children = (
				097A4ED71D40C09100ADA706 /* Swift-OC */,
				097A4EC91D40BCBD00ADA706 /* common */,
				096004631D2F979200507D25 /* delegate */,
				096004621D2F977F00507D25 /* controller */,
				096004641D2F979C00507D25 /* util */,
				098890FE1D1ED5A7008D1257 /* Main.storyboard */,
				098891031D1ED5A7008D1257 /* LaunchScreen.storyboard */,
				098891011D1ED5A7008D1257 /* Assets.xcassets */,
				098891061D1ED5A7008D1257 /* Info.plist */,
			);
			path = funmaker;
			sourceTree = "<group>";
		};
		0988910E1D1ED5A7008D1257 /* funmakerTests */ = {
			isa = PBXGroup;
			children = (
				0988910F1D1ED5A7008D1257 /* funmakerTests.swift */,
				098891111D1ED5A7008D1257 /* Info.plist */,
			);
			path = funmakerTests;
			sourceTree = "<group>";
		};
		098891191D1ED5A7008D1257 /* funmakerUITests */ = {
			isa = PBXGroup;
			children = (
				0988911A1D1ED5A7008D1257 /* funmakerUITests.swift */,
				0988911C1D1ED5A7008D1257 /* Info.plist */,
			);
			path = funmakerUITests;
			sourceTree = "<group>";
		};
/* End PBXGroup section */

/* Begin PBXNativeTarget section */
		098890F61D1ED5A7008D1257 /* funmaker */ = {
			isa = PBXNativeTarget;
			buildConfigurationList = 0988911F1D1ED5A7008D1257 /* Build configuration list for PBXNativeTarget "funmaker" */;
			buildPhases = (
				098890F31D1ED5A7008D1257 /* Sources */,
				098890F41D1ED5A7008D1257 /* Frameworks */,
				098890F51D1ED5A7008D1257 /* Resources */,
				090ACEB61D40896400C33E51 /* Copy Frameworks */,
			);
			buildRules = (
			);
			dependencies = (
			);
			name = funmaker;
			productName = funmaker;
			productReference = 098890F71D1ED5A7008D1257 /* funmaker.app */;
			productType = "com.apple.product-type.application";
		};
		0988910A1D1ED5A7008D1257 /* funmakerTests */ = {
			isa = PBXNativeTarget;
			buildConfigurationList = 098891221D1ED5A7008D1257 /* Build configuration list for PBXNativeTarget "funmakerTests" */;
			buildPhases = (
				098891071D1ED5A7008D1257 /* Sources */,
				098891081D1ED5A7008D1257 /* Frameworks */,
				098891091D1ED5A7008D1257 /* Resources */,
			);
			buildRules = (
			);
			dependencies = (
				0988910D1D1ED5A7008D1257 /* PBXTargetDependency */,
			);
			name = funmakerTests;
			productName = funmakerTests;
			productReference = 0988910B1D1ED5A7008D1257 /* funmakerTests.xctest */;
			productType = "com.apple.product-type.bundle.unit-test";
		};
		098891151D1ED5A7008D1257 /* funmakerUITests */ = {
			isa = PBXNativeTarget;
			buildConfigurationList = 098891251D1ED5A7008D1257 /* Build configuration list for PBXNativeTarget "funmakerUITests" */;
			buildPhases = (
				098891121D1ED5A7008D1257 /* Sources */,
				098891131D1ED5A7008D1257 /* Frameworks */,
				098891141D1ED5A7008D1257 /* Resources */,
			);
			buildRules = (
			);
			dependencies = (
				098891181D1ED5A7008D1257 /* PBXTargetDependency */,
			);
			name = funmakerUITests;
			productName = funmakerUITests;
			productReference = 098891161D1ED5A7008D1257 /* funmakerUITests.xctest */;
			productType = "com.apple.product-type.bundle.ui-testing";
		};
/* End PBXNativeTarget section */

/* Begin PBXProject section */
		098890EF1D1ED5A7008D1257 /* Project object */ = {
			isa = PBXProject;
			attributes = {
				LastSwiftUpdateCheck = 0730;
				LastUpgradeCheck = 0730;
				ORGANIZATIONNAME = Waylon;
				TargetAttributes = {
					098890F61D1ED5A7008D1257 = {
						CreatedOnToolsVersion = 7.3.1;
						DevelopmentTeam = 8K9U2T8H8D;
					};
					0988910A1D1ED5A7008D1257 = {
						CreatedOnToolsVersion = 7.3.1;
						TestTargetID = 098890F61D1ED5A7008D1257;
					};
					098891151D1ED5A7008D1257 = {
						CreatedOnToolsVersion = 7.3.1;
						TestTargetID = 098890F61D1ED5A7008D1257;
					};
				};
			};
			buildConfigurationList = 098890F21D1ED5A7008D1257 /* Build configuration list for PBXProject "funmaker" */;
			compatibilityVersion = "Xcode 3.2";
			developmentRegion = English;
			hasScannedForEncodings = 0;
			knownRegions = (
				en,
				Base,
			);
			mainGroup = 098890EE1D1ED5A7008D1257;
			productRefGroup = 098890F81D1ED5A7008D1257 /* Products */;
			projectDirPath = "";
			projectReferences = (
				{
					ProductGroup = 096197201D40752700CCC7EB /* Products */;
					ProjectRef = 0961971F1D40752700CCC7EB /* SwiftHTTP.xcodeproj */;
				},
			);
			projectRoot = "";
			targets = (
				098890F61D1ED5A7008D1257 /* funmaker */,
				0988910A1D1ED5A7008D1257 /* funmakerTests */,
				098891151D1ED5A7008D1257 /* funmakerUITests */,
			);
		};
/* End PBXProject section */

/* Begin PBXReferenceProxy section */
		0961972A1D40752700CCC7EB /* SwiftHTTP.framework */ = {
			isa = PBXReferenceProxy;
			fileType = wrapper.framework;
			path = SwiftHTTP.framework;
			remoteRef = 096197291D40752700CCC7EB /* PBXContainerItemProxy */;
			sourceTree = BUILT_PRODUCTS_DIR;
		};
		0961972C1D40752700CCC7EB /* SwiftHTTPTests.xctest */ = {
			isa = PBXReferenceProxy;
			fileType = wrapper.cfbundle;
			path = SwiftHTTPTests.xctest;
			remoteRef = 0961972B1D40752700CCC7EB /* PBXContainerItemProxy */;
			sourceTree = BUILT_PRODUCTS_DIR;
		};
		0961972E1D40752700CCC7EB /* SwiftHTTP.framework */ = {
			isa = PBXReferenceProxy;
			fileType = wrapper.framework;
			path = SwiftHTTP.framework;
			remoteRef = 0961972D1D40752700CCC7EB /* PBXContainerItemProxy */;
			sourceTree = BUILT_PRODUCTS_DIR;
		};
		096197301D40752700CCC7EB /* SwiftHTTPOSXTests.xctest */ = {
			isa = PBXReferenceProxy;
			fileType = wrapper.cfbundle;
			path = SwiftHTTPOSXTests.xctest;
			remoteRef = 0961972F1D40752700CCC7EB /* PBXContainerItemProxy */;
			sourceTree = BUILT_PRODUCTS_DIR;
		};
		096197321D40752700CCC7EB /* SwiftHTTP.framework */ = {
			isa = PBXReferenceProxy;
			fileType = wrapper.framework;
			path = SwiftHTTP.framework;
			remoteRef = 096197311D40752700CCC7EB /* PBXContainerItemProxy */;
			sourceTree = BUILT_PRODUCTS_DIR;
		};
		096197341D40752700CCC7EB /* SwiftHTTPtvOSTests.xctest */ = {
			isa = PBXReferenceProxy;
			fileType = wrapper.cfbundle;
			path = SwiftHTTPtvOSTests.xctest;
			remoteRef = 096197331D40752700CCC7EB /* PBXContainerItemProxy */;
			sourceTree = BUILT_PRODUCTS_DIR;
		};
		096197361D40752700CCC7EB /* SwiftHTTP.framework */ = {
			isa = PBXReferenceProxy;
			fileType = wrapper.framework;
			path = SwiftHTTP.framework;
			remoteRef = 096197351D40752700CCC7EB /* PBXContainerItemProxy */;
			sourceTree = BUILT_PRODUCTS_DIR;
		};
/* End PBXReferenceProxy section */

/* Begin PBXResourcesBuildPhase section */
		098890F51D1ED5A7008D1257 /* Resources */ = {
			isa = PBXResourcesBuildPhase;
			buildActionMask = 2147483647;
			files = (
				098891051D1ED5A7008D1257 /* LaunchScreen.storyboard in Resources */,
				098891021D1ED5A7008D1257 /* Assets.xcassets in Resources */,
				098891001D1ED5A7008D1257 /* Main.storyboard in Resources */,
				09F29FBF1D3F240700211E2F /* SMS_SDK in Resources */,
			);
			runOnlyForDeploymentPostprocessing = 0;
		};
		098891091D1ED5A7008D1257 /* Resources */ = {
			isa = PBXResourcesBuildPhase;
			buildActionMask = 2147483647;
			files = (
			);
			runOnlyForDeploymentPostprocessing = 0;
		};
		098891141D1ED5A7008D1257 /* Resources */ = {
			isa = PBXResourcesBuildPhase;
			buildActionMask = 2147483647;
			files = (
			);
			runOnlyForDeploymentPostprocessing = 0;
		};
/* End PBXResourcesBuildPhase section */

/* Begin PBXSourcesBuildPhase section */
		098890F31D1ED5A7008D1257 /* Sources */ = {
			isa = PBXSourcesBuildPhase;
			buildActionMask = 2147483647;
			files = (
				093C0F691D33775F007C62BC /* RecentOrderViewController.swift in Sources */,
				098890FD1D1ED5A7008D1257 /* LoginViewController.swift in Sources */,
				09558A521D3D10EA008A0A15 /* CustomCell.swift in Sources */,
				097A4ED91D40C0E200ADA706 /* CommonUtil.swift in Sources */,
				093398E01D3CBA6C0065BEE5 /* MessageTableViewController.swift in Sources */,
				098890FB1D1ED5A7008D1257 /* AppDelegate.swift in Sources */,
				096E68D01D21168000501D5B /* RegistViewController.swift in Sources */,
				09988B501D24C3280069A65C /* LoginedViewController.swift in Sources */,
				09F2BA731D39380C00672B3A /* BaseViewController.swift in Sources */,
				097A4ED61D40BD6200ADA706 /* Constant.swift in Sources */,
				0930D2631D3C68FF002AF3C5 /* MyViewController.swift in Sources */,
				096004611D2F974200507D25 /* IndexViewController.swift in Sources */,
				0930D2651D3C7759002AF3C5 /* PublishViewController.swift in Sources */,
			);
			runOnlyForDeploymentPostprocessing = 0;
		};
		098891071D1ED5A7008D1257 /* Sources */ = {
			isa = PBXSourcesBuildPhase;
			buildActionMask = 2147483647;
			files = (
				098891101D1ED5A7008D1257 /* funmakerTests.swift in Sources */,
			);
			runOnlyForDeploymentPostprocessing = 0;
		};
		098891121D1ED5A7008D1257 /* Sources */ = {
			isa = PBXSourcesBuildPhase;
			buildActionMask = 2147483647;
			files = (
				0988911B1D1ED5A7008D1257 /* funmakerUITests.swift in Sources */,
			);
			runOnlyForDeploymentPostprocessing = 0;
		};
/* End PBXSourcesBuildPhase section */

/* Begin PBXTargetDependency section */
		0988910D1D1ED5A7008D1257 /* PBXTargetDependency */ = {
			isa = PBXTargetDependency;
			target = 098890F61D1ED5A7008D1257 /* funmaker */;
			targetProxy = 0988910C1D1ED5A7008D1257 /* PBXContainerItemProxy */;
		};
		098891181D1ED5A7008D1257 /* PBXTargetDependency */ = {
			isa = PBXTargetDependency;
			target = 098890F61D1ED5A7008D1257 /* funmaker */;
			targetProxy = 098891171D1ED5A7008D1257 /* PBXContainerItemProxy */;
		};
/* End PBXTargetDependency section */

/* Begin PBXVariantGroup section */
		098890FE1D1ED5A7008D1257 /* Main.storyboard */ = {
			isa = PBXVariantGroup;
			children = (
				098890FF1D1ED5A7008D1257 /* Base */,
			);
			name = Main.storyboard;
			sourceTree = "<group>";
		};
		098891031D1ED5A7008D1257 /* LaunchScreen.storyboard */ = {
			isa = PBXVariantGroup;
			children = (
				098891041D1ED5A7008D1257 /* Base */,
			);
			name = LaunchScreen.storyboard;
			sourceTree = "<group>";
		};
/* End PBXVariantGroup section */

/* Begin XCBuildConfiguration section */
		0988911D1D1ED5A7008D1257 /* Debug */ = {
			isa = XCBuildConfiguration;
			buildSettings = {
				ALWAYS_SEARCH_USER_PATHS = NO;
				CLANG_ANALYZER_NONNULL = YES;
				CLANG_CXX_LANGUAGE_STANDARD = "gnu++0x";
				CLANG_CXX_LIBRARY = "libc++";
				CLANG_ENABLE_MODULES = YES;
				CLANG_ENABLE_OBJC_ARC = YES;
				CLANG_WARN_BOOL_CONVERSION = YES;
				CLANG_WARN_CONSTANT_CONVERSION = YES;
				CLANG_WARN_DIRECT_OBJC_ISA_USAGE = YES_ERROR;
				CLANG_WARN_EMPTY_BODY = YES;
				CLANG_WARN_ENUM_CONVERSION = YES;
				CLANG_WARN_INT_CONVERSION = YES;
				CLANG_WARN_OBJC_ROOT_CLASS = YES_ERROR;
				CLANG_WARN_UNREACHABLE_CODE = YES;
				CLANG_WARN__DUPLICATE_METHOD_MATCH = YES;
				"CODE_SIGN_IDENTITY[sdk=iphoneos*]" = "iPhone Developer";
				COPY_PHASE_STRIP = NO;
				DEBUG_INFORMATION_FORMAT = dwarf;
				EMBEDDED_CONTENT_CONTAINS_SWIFT = YES;
				ENABLE_STRICT_OBJC_MSGSEND = YES;
				ENABLE_TESTABILITY = YES;
				GCC_C_LANGUAGE_STANDARD = gnu99;
				GCC_DYNAMIC_NO_PIC = NO;
				GCC_NO_COMMON_BLOCKS = YES;
				GCC_OPTIMIZATION_LEVEL = 0;
				GCC_PREPROCESSOR_DEFINITIONS = (
					"DEBUG=1",
					"$(inherited)",
				);
				GCC_WARN_64_TO_32_BIT_CONVERSION = YES;
				GCC_WARN_ABOUT_RETURN_TYPE = YES_ERROR;
				GCC_WARN_UNDECLARED_SELECTOR = YES;
				GCC_WARN_UNINITIALIZED_AUTOS = YES_AGGRESSIVE;
				GCC_WARN_UNUSED_FUNCTION = YES;
				GCC_WARN_UNUSED_VARIABLE = YES;
				IPHONEOS_DEPLOYMENT_TARGET = 9.3;
				MTL_ENABLE_DEBUG_INFO = YES;
				ONLY_ACTIVE_ARCH = YES;
				PROVISIONING_PROFILE = "ebd3e3f9-e2e8-465b-9e0d-bdd994154984";
				SDKROOT = iphoneos;
				SWIFT_OPTIMIZATION_LEVEL = "-Onone";
			};
			name = Debug;
		};
		0988911E1D1ED5A7008D1257 /* Release */ = {
			isa = XCBuildConfiguration;
			buildSettings = {
				ALWAYS_SEARCH_USER_PATHS = NO;
				CLANG_ANALYZER_NONNULL = YES;
				CLANG_CXX_LANGUAGE_STANDARD = "gnu++0x";
				CLANG_CXX_LIBRARY = "libc++";
				CLANG_ENABLE_MODULES = YES;
				CLANG_ENABLE_OBJC_ARC = YES;
				CLANG_WARN_BOOL_CONVERSION = YES;
				CLANG_WARN_CONSTANT_CONVERSION = YES;
				CLANG_WARN_DIRECT_OBJC_ISA_USAGE = YES_ERROR;
				CLANG_WARN_EMPTY_BODY = YES;
				CLANG_WARN_ENUM_CONVERSION = YES;
				CLANG_WARN_INT_CONVERSION = YES;
				CLANG_WARN_OBJC_ROOT_CLASS = YES_ERROR;
				CLANG_WARN_UNREACHABLE_CODE = YES;
				CLANG_WARN__DUPLICATE_METHOD_MATCH = YES;
				"CODE_SIGN_IDENTITY[sdk=iphoneos*]" = "iPhone Developer";
				COPY_PHASE_STRIP = NO;
				DEBUG_INFORMATION_FORMAT = "dwarf-with-dsym";
				EMBEDDED_CONTENT_CONTAINS_SWIFT = YES;
				ENABLE_NS_ASSERTIONS = NO;
				ENABLE_STRICT_OBJC_MSGSEND = YES;
				GCC_C_LANGUAGE_STANDARD = gnu99;
				GCC_NO_COMMON_BLOCKS = YES;
				GCC_WARN_64_TO_32_BIT_CONVERSION = YES;
				GCC_WARN_ABOUT_RETURN_TYPE = YES_ERROR;
				GCC_WARN_UNDECLARED_SELECTOR = YES;
				GCC_WARN_UNINITIALIZED_AUTOS = YES_AGGRESSIVE;
				GCC_WARN_UNUSED_FUNCTION = YES;
				GCC_WARN_UNUSED_VARIABLE = YES;
				IPHONEOS_DEPLOYMENT_TARGET = 9.3;
				MTL_ENABLE_DEBUG_INFO = NO;
				PROVISIONING_PROFILE = "be218442-08f8-4354-8946-3298b3db5572";
				SDKROOT = iphoneos;
				VALIDATE_PRODUCT = YES;
			};
			name = Release;
		};
		098891201D1ED5A7008D1257 /* Debug */ = {
			isa = XCBuildConfiguration;
			buildSettings = {
				ASSETCATALOG_COMPILER_APPICON_NAME = AppIcon;
				CLANG_ENABLE_MODULES = YES;
				CODE_SIGN_IDENTITY = "iPhone Developer";
				"CODE_SIGN_IDENTITY[sdk=iphoneos*]" = "iPhone Developer";
				FRAMEWORK_SEARCH_PATHS = (
					"$(inherited)",
					"$(PROJECT_DIR)/SMS_SDK",
				);
				INFOPLIST_FILE = funmaker/Info.plist;
				LD_RUNPATH_SEARCH_PATHS = "$(inherited) @executable_path/Frameworks";
				PRODUCT_BUNDLE_IDENTIFIER = com.funny.funmaker;
				PRODUCT_NAME = "$(TARGET_NAME)";
				PROVISIONING_PROFILE = "";
				SWIFT_OBJC_BRIDGING_HEADER = "funmaker/funmaker-Bridging-Header.h";
				SWIFT_OPTIMIZATION_LEVEL = "-Onone";
				VALID_ARCHS = "arm64 armv7 armv7s";
			};
			name = Debug;
		};
		098891211D1ED5A7008D1257 /* Release */ = {
			isa = XCBuildConfiguration;
			buildSettings = {
				ASSETCATALOG_COMPILER_APPICON_NAME = AppIcon;
				CLANG_ENABLE_MODULES = YES;
				CODE_SIGN_IDENTITY = "iPhone Developer";
				"CODE_SIGN_IDENTITY[sdk=iphoneos*]" = "iPhone Developer";
				FRAMEWORK_SEARCH_PATHS = (
					"$(inherited)",
					"$(PROJECT_DIR)/SMS_SDK",
				);
				INFOPLIST_FILE = funmaker/Info.plist;
				LD_RUNPATH_SEARCH_PATHS = "$(inherited) @executable_path/Frameworks";
				PRODUCT_BUNDLE_IDENTIFIER = com.funny.funmaker;
				PRODUCT_NAME = "$(TARGET_NAME)";
				PROVISIONING_PROFILE = "";
				SWIFT_OBJC_BRIDGING_HEADER = "funmaker/funmaker-Bridging-Header.h";
			};
			name = Release;
		};
		098891231D1ED5A7008D1257 /* Debug */ = {
			isa = XCBuildConfiguration;
			buildSettings = {
				BUNDLE_LOADER = "$(TEST_HOST)";
				INFOPLIST_FILE = funmakerTests/Info.plist;
				LD_RUNPATH_SEARCH_PATHS = "$(inherited) @executable_path/Frameworks @loader_path/Frameworks";
				PRODUCT_BUNDLE_IDENTIFIER = com.celechem.funmakerTests;
				PRODUCT_NAME = "$(TARGET_NAME)";
				TEST_HOST = "$(BUILT_PRODUCTS_DIR)/funmaker.app/funmaker";
			};
			name = Debug;
		};
		098891241D1ED5A7008D1257 /* Release */ = {
			isa = XCBuildConfiguration;
			buildSettings = {
				BUNDLE_LOADER = "$(TEST_HOST)";
				INFOPLIST_FILE = funmakerTests/Info.plist;
				LD_RUNPATH_SEARCH_PATHS = "$(inherited) @executable_path/Frameworks @loader_path/Frameworks";
				PRODUCT_BUNDLE_IDENTIFIER = com.celechem.funmakerTests;
				PRODUCT_NAME = "$(TARGET_NAME)";
				TEST_HOST = "$(BUILT_PRODUCTS_DIR)/funmaker.app/funmaker";
			};
			name = Release;
		};
		098891261D1ED5A7008D1257 /* Debug */ = {
			isa = XCBuildConfiguration;
			buildSettings = {
				INFOPLIST_FILE = funmakerUITests/Info.plist;
				LD_RUNPATH_SEARCH_PATHS = "$(inherited) @executable_path/Frameworks @loader_path/Frameworks";
				PRODUCT_BUNDLE_IDENTIFIER = com.celechem.funmakerUITests;
				PRODUCT_NAME = "$(TARGET_NAME)";
				TEST_TARGET_NAME = funmaker;
			};
			name = Debug;
		};
		098891271D1ED5A7008D1257 /* Release */ = {
			isa = XCBuildConfiguration;
			buildSettings = {
				INFOPLIST_FILE = funmakerUITests/Info.plist;
				LD_RUNPATH_SEARCH_PATHS = "$(inherited) @executable_path/Frameworks @loader_path/Frameworks";
				PRODUCT_BUNDLE_IDENTIFIER = com.celechem.funmakerUITests;
				PRODUCT_NAME = "$(TARGET_NAME)";
				TEST_TARGET_NAME = funmaker;
			};
			name = Release;
		};
/* End XCBuildConfiguration section */

/* Begin XCConfigurationList section */
		098890F21D1ED5A7008D1257 /* Build configuration list for PBXProject "funmaker" */ = {
			isa = XCConfigurationList;
			buildConfigurations = (
				0988911D1D1ED5A7008D1257 /* Debug */,
				0988911E1D1ED5A7008D1257 /* Release */,
			);
			defaultConfigurationIsVisible = 0;
			defaultConfigurationName = Release;
		};
		0988911F1D1ED5A7008D1257 /* Build configuration list for PBXNativeTarget "funmaker" */ = {
			isa = XCConfigurationList;
			buildConfigurations = (
				098891201D1ED5A7008D1257 /* Debug */,
				098891211D1ED5A7008D1257 /* Release */,
			);
			defaultConfigurationIsVisible = 0;
			defaultConfigurationName = Release;
		};
		098891221D1ED5A7008D1257 /* Build configuration list for PBXNativeTarget "funmakerTests" */ = {
			isa = XCConfigurationList;
			buildConfigurations = (
				098891231D1ED5A7008D1257 /* Debug */,
				098891241D1ED5A7008D1257 /* Release */,
			);
			defaultConfigurationIsVisible = 0;
			defaultConfigurationName = Release;
		};
		098891251D1ED5A7008D1257 /* Build configuration list for PBXNativeTarget "funmakerUITests" */ = {
			isa = XCConfigurationList;
			buildConfigurations = (
				098891261D1ED5A7008D1257 /* Debug */,
				098891271D1ED5A7008D1257 /* Release */,
			);
			defaultConfigurationIsVisible = 0;
			defaultConfigurationName = Release;
		};
/* End XCConfigurationList section */
	};
	rootObject = 098890EF1D1ED5A7008D1257 /* Project object */;
}
